// !$*UTF8*$!
{
	archiveVersion = 1;
	classes = {
	};
	objectVersion = 56;
	objects = {

/* Begin PBXBuildFile section */
		7937A2E62A9CBD9C00B144EA /* WelcomeSheet in Frameworks */ = {isa = PBXBuildFile; productRef = 7937A2E52A9CBD9C00B144EA /* WelcomeSheet */; };
		7937A2E82A9CBDC200B144EA /* Startup.swift in Sources */ = {isa = PBXBuildFile; fileRef = 7937A2E72A9CBDC200B144EA /* Startup.swift */; };
		79406F9E2A9CB38F00250D90 /* BuildChecker.swift in Sources */ = {isa = PBXBuildFile; fileRef = 79406F9D2A9CB38F00250D90 /* BuildChecker.swift */; };
		79C3D9822A9CB03900EB3A6D /* bawkyApp.swift in Sources */ = {isa = PBXBuildFile; fileRef = 79C3D9812A9CB03900EB3A6D /* bawkyApp.swift */; };
		79C3D9842A9CB03900EB3A6D /* ContentView.swift in Sources */ = {isa = PBXBuildFile; fileRef = 79C3D9832A9CB03900EB3A6D /* ContentView.swift */; };
		79C3D9862A9CB04100EB3A6D /* Assets.xcassets in Resources */ = {isa = PBXBuildFile; fileRef = 79C3D9852A9CB04100EB3A6D /* Assets.xcassets */; };
		79C3D9892A9CB04100EB3A6D /* Preview Assets.xcassets in Resources */ = {isa = PBXBuildFile; fileRef = 79C3D9882A9CB04100EB3A6D /* Preview Assets.xcassets */; };
		79C3D9932A9CB04200EB3A6D /* bawkyTests.swift in Sources */ = {isa = PBXBuildFile; fileRef = 79C3D9922A9CB04200EB3A6D /* bawkyTests.swift */; };
		79C3D99D2A9CB04200EB3A6D /* bawkyUITests.swift in Sources */ = {isa = PBXBuildFile; fileRef = 79C3D99C2A9CB04200EB3A6D /* bawkyUITests.swift */; };
		79C3D99F2A9CB04200EB3A6D /* bawkyUITestsLaunchTests.swift in Sources */ = {isa = PBXBuildFile; fileRef = 79C3D99E2A9CB04200EB3A6D /* bawkyUITestsLaunchTests.swift */; };
/* End PBXBuildFile section */

/* Begin PBXContainerItemProxy section */
		79C3D98F2A9CB04200EB3A6D /* PBXContainerItemProxy */ = {
			isa = PBXContainerItemProxy;
			containerPortal = 79C3D9762A9CB03900EB3A6D /* Project object */;
			proxyType = 1;
			remoteGlobalIDString = 79C3D97D2A9CB03900EB3A6D;
			remoteInfo = bawky;
		};
		79C3D9992A9CB04200EB3A6D /* PBXContainerItemProxy */ = {
			isa = PBXContainerItemProxy;
			containerPortal = 79C3D9762A9CB03900EB3A6D /* Project object */;
			proxyType = 1;
			remoteGlobalIDString = 79C3D97D2A9CB03900EB3A6D;
			remoteInfo = bawky;
		};
/* End PBXContainerItemProxy section */

/* Begin PBXFileReference section */
		7937A2E72A9CBDC200B144EA /* Startup.swift */ = {isa = PBXFileReference; lastKnownFileType = sourcecode.swift; path = Startup.swift; sourceTree = "<group>"; };
		7937A2EA2A9CCE1800B144EA /* bawky-Bridging-Header.h */ = {isa = PBXFileReference; lastKnownFileType = sourcecode.c.h; path = "bawky-Bridging-Header.h"; sourceTree = "<group>"; };
		79406F9D2A9CB38F00250D90 /* BuildChecker.swift */ = {isa = PBXFileReference; lastKnownFileType = sourcecode.swift; path = BuildChecker.swift; sourceTree = "<group>"; };
		79C3D97E2A9CB03900EB3A6D /* bawky.app */ = {isa = PBXFileReference; explicitFileType = wrapper.application; includeInIndex = 0; path = bawky.app; sourceTree = BUILT_PRODUCTS_DIR; };
		79C3D9812A9CB03900EB3A6D /* bawkyApp.swift */ = {isa = PBXFileReference; lastKnownFileType = sourcecode.swift; path = bawkyApp.swift; sourceTree = "<group>"; };
		79C3D9832A9CB03900EB3A6D /* ContentView.swift */ = {isa = PBXFileReference; lastKnownFileType = sourcecode.swift; path = ContentView.swift; sourceTree = "<group>"; };
		79C3D9852A9CB04100EB3A6D /* Assets.xcassets */ = {isa = PBXFileReference; lastKnownFileType = folder.assetcatalog; path = Assets.xcassets; sourceTree = "<group>"; };
		79C3D9882A9CB04100EB3A6D /* Preview Assets.xcassets */ = {isa = PBXFileReference; lastKnownFileType = folder.assetcatalog; path = "Preview Assets.xcassets"; sourceTree = "<group>"; };
		79C3D98E2A9CB04200EB3A6D /* bawkyTests.xctest */ = {isa = PBXFileReference; explicitFileType = wrapper.cfbundle; includeInIndex = 0; path = bawkyTests.xctest; sourceTree = BUILT_PRODUCTS_DIR; };
		79C3D9922A9CB04200EB3A6D /* bawkyTests.swift */ = {isa = PBXFileReference; lastKnownFileType = sourcecode.swift; path = bawkyTests.swift; sourceTree = "<group>"; };
		79C3D9982A9CB04200EB3A6D /* bawkyUITests.xctest */ = {isa = PBXFileReference; explicitFileType = wrapper.cfbundle; includeInIndex = 0; path = bawkyUITests.xctest; sourceTree = BUILT_PRODUCTS_DIR; };
		79C3D99C2A9CB04200EB3A6D /* bawkyUITests.swift */ = {isa = PBXFileReference; lastKnownFileType = sourcecode.swift; path = bawkyUITests.swift; sourceTree = "<group>"; };
		79C3D99E2A9CB04200EB3A6D /* bawkyUITestsLaunchTests.swift */ = {isa = PBXFileReference; lastKnownFileType = sourcecode.swift; path = bawkyUITestsLaunchTests.swift; sourceTree = "<group>"; };
/* End PBXFileReference section */

/* Begin PBXFrameworksBuildPhase section */
		79C3D97B2A9CB03900EB3A6D /* Frameworks */ = {
			isa = PBXFrameworksBuildPhase;
			buildActionMask = 2147483647;
			files = (
				7937A2E62A9CBD9C00B144EA /* WelcomeSheet in Frameworks */,
			);
			runOnlyForDeploymentPostprocessing = 0;
		};
		79C3D98B2A9CB04200EB3A6D /* Frameworks */ = {
			isa = PBXFrameworksBuildPhase;
			buildActionMask = 2147483647;
			files = (
			);
			runOnlyForDeploymentPostprocessing = 0;
		};
		79C3D9952A9CB04200EB3A6D /* Frameworks */ = {
			isa = PBXFrameworksBuildPhase;
			buildActionMask = 2147483647;
			files = (
			);
			runOnlyForDeploymentPostprocessing = 0;
		};
/* End PBXFrameworksBuildPhase section */

/* Begin PBXGroup section */
		7937A2E92A9CCDDC00B144EA /* exploit */ = {
			isa = PBXGroup;
			children = (
			);
			path = exploit;
			sourceTree = "<group>";
		};
		79406F9C2A9CB37300250D90 /* Externalibs */ = {
			isa = PBXGroup;
			children = (
				79406F9D2A9CB38F00250D90 /* BuildChecker.swift */,
				7937A2E72A9CBDC200B144EA /* Startup.swift */,
			);
			path = Externalibs;
			sourceTree = "<group>";
		};
		79C3D9752A9CB03900EB3A6D = {
			isa = PBXGroup;
			children = (
				79C3D9802A9CB03900EB3A6D /* bawky */,
				79C3D9912A9CB04200EB3A6D /* bawkyTests */,
				79C3D99B2A9CB04200EB3A6D /* bawkyUITests */,
				79C3D97F2A9CB03900EB3A6D /* Products */,
			);
			sourceTree = "<group>";
		};
		79C3D97F2A9CB03900EB3A6D /* Products */ = {
			isa = PBXGroup;
			children = (
				79C3D97E2A9CB03900EB3A6D /* bawky.app */,
				79C3D98E2A9CB04200EB3A6D /* bawkyTests.xctest */,
				79C3D9982A9CB04200EB3A6D /* bawkyUITests.xctest */,
			);
			name = Products;
			sourceTree = "<group>";
		};
		79C3D9802A9CB03900EB3A6D /* bawky */ = {
			isa = PBXGroup;
			children = (
				79C3D9812A9CB03900EB3A6D /* bawkyApp.swift */,
				79C3D9832A9CB03900EB3A6D /* ContentView.swift */,
				7937A2E92A9CCDDC00B144EA /* exploit */,
				79406F9C2A9CB37300250D90 /* Externalibs */,
				79C3D9852A9CB04100EB3A6D /* Assets.xcassets */,
				79C3D9872A9CB04100EB3A6D /* Preview Content */,
				7937A2EA2A9CCE1800B144EA /* bawky-Bridging-Header.h */,
			);
			path = bawky;
			sourceTree = "<group>";
		};
		79C3D9872A9CB04100EB3A6D /* Preview Content */ = {
			isa = PBXGroup;
			children = (
				79C3D9882A9CB04100EB3A6D /* Preview Assets.xcassets */,
			);
			path = "Preview Content";
			sourceTree = "<group>";
		};
		79C3D9912A9CB04200EB3A6D /* bawkyTests */ = {
			isa = PBXGroup;
			children = (
				79C3D9922A9CB04200EB3A6D /* bawkyTests.swift */,
			);
			path = bawkyTests;
			sourceTree = "<group>";
		};
		79C3D99B2A9CB04200EB3A6D /* bawkyUITests */ = {
			isa = PBXGroup;
			children = (
				79C3D99C2A9CB04200EB3A6D /* bawkyUITests.swift */,
				79C3D99E2A9CB04200EB3A6D /* bawkyUITestsLaunchTests.swift */,
			);
			path = bawkyUITests;
			sourceTree = "<group>";
		};
/* End PBXGroup section */

/* Begin PBXNativeTarget section */
		79C3D97D2A9CB03900EB3A6D /* bawky */ = {
			isa = PBXNativeTarget;
			buildConfigurationList = 79C3D9A22A9CB04200EB3A6D /* Build configuration list for PBXNativeTarget "bawky" */;
			buildPhases = (
				79C3D97A2A9CB03900EB3A6D /* Sources */,
				79C3D97B2A9CB03900EB3A6D /* Frameworks */,
				79C3D97C2A9CB03900EB3A6D /* Resources */,
			);
			buildRules = (
			);
			dependencies = (
			);
			name = bawky;
			packageProductDependencies = (
				7937A2E52A9CBD9C00B144EA /* WelcomeSheet */,
			);
			productName = bawky;
			productReference = 79C3D97E2A9CB03900EB3A6D /* bawky.app */;
			productType = "com.apple.product-type.application";
		};
		79C3D98D2A9CB04200EB3A6D /* bawkyTests */ = {
			isa = PBXNativeTarget;
			buildConfigurationList = 79C3D9A52A9CB04200EB3A6D /* Build configuration list for PBXNativeTarget "bawkyTests" */;
			buildPhases = (
				79C3D98A2A9CB04200EB3A6D /* Sources */,
				79C3D98B2A9CB04200EB3A6D /* Frameworks */,
				79C3D98C2A9CB04200EB3A6D /* Resources */,
			);
			buildRules = (
			);
			dependencies = (
				79C3D9902A9CB04200EB3A6D /* PBXTargetDependency */,
			);
			name = bawkyTests;
			productName = bawkyTests;
			productReference = 79C3D98E2A9CB04200EB3A6D /* bawkyTests.xctest */;
			productType = "com.apple.product-type.bundle.unit-test";
		};
		79C3D9972A9CB04200EB3A6D /* bawkyUITests */ = {
			isa = PBXNativeTarget;
			buildConfigurationList = 79C3D9A82A9CB04200EB3A6D /* Build configuration list for PBXNativeTarget "bawkyUITests" */;
			buildPhases = (
				79C3D9942A9CB04200EB3A6D /* Sources */,
				79C3D9952A9CB04200EB3A6D /* Frameworks */,
				79C3D9962A9CB04200EB3A6D /* Resources */,
			);
			buildRules = (
			);
			dependencies = (
				79C3D99A2A9CB04200EB3A6D /* PBXTargetDependency */,
			);
			name = bawkyUITests;
			productName = bawkyUITests;
			productReference = 79C3D9982A9CB04200EB3A6D /* bawkyUITests.xctest */;
			productType = "com.apple.product-type.bundle.ui-testing";
		};
/* End PBXNativeTarget section */

/* Begin PBXProject section */
		79C3D9762A9CB03900EB3A6D /* Project object */ = {
			isa = PBXProject;
			attributes = {
				BuildIndependentTargetsInParallel = 1;
				LastSwiftUpdateCheck = 1500;
				LastUpgradeCheck = 1500;
				TargetAttributes = {
					79C3D97D2A9CB03900EB3A6D = {
						CreatedOnToolsVersion = 15.0;
						LastSwiftMigration = 1500;
					};
					79C3D98D2A9CB04200EB3A6D = {
						CreatedOnToolsVersion = 15.0;
						TestTargetID = 79C3D97D2A9CB03900EB3A6D;
					};
					79C3D9972A9CB04200EB3A6D = {
						CreatedOnToolsVersion = 15.0;
						TestTargetID = 79C3D97D2A9CB03900EB3A6D;
					};
				};
			};
			buildConfigurationList = 79C3D9792A9CB03900EB3A6D /* Build configuration list for PBXProject "bawky" */;
			compatibilityVersion = "Xcode 14.0";
			developmentRegion = en;
			hasScannedForEncodings = 0;
			knownRegions = (
				en,
				Base,
			);
			mainGroup = 79C3D9752A9CB03900EB3A6D;
			packageReferences = (
				7937A2E42A9CBD9C00B144EA /* XCRemoteSwiftPackageReference "Welcome-Sheet" */,
			);
			productRefGroup = 79C3D97F2A9CB03900EB3A6D /* Products */;
			projectDirPath = "";
			projectRoot = "";
			targets = (
				79C3D97D2A9CB03900EB3A6D /* bawky */,
				79C3D98D2A9CB04200EB3A6D /* bawkyTests */,
				79C3D9972A9CB04200EB3A6D /* bawkyUITests */,
			);
		};
/* End PBXProject section */

/* Begin PBXResourcesBuildPhase section */
		79C3D97C2A9CB03900EB3A6D /* Resources */ = {
			isa = PBXResourcesBuildPhase;
			buildActionMask = 2147483647;
			files = (
				79C3D9892A9CB04100EB3A6D /* Preview Assets.xcassets in Resources */,
				79C3D9862A9CB04100EB3A6D /* Assets.xcassets in Resources */,
			);
			runOnlyForDeploymentPostprocessing = 0;
		};
		79C3D98C2A9CB04200EB3A6D /* Resources */ = {
			isa = PBXResourcesBuildPhase;
			buildActionMask = 2147483647;
			files = (
			);
			runOnlyForDeploymentPostprocessing = 0;
		};
		79C3D9962A9CB04200EB3A6D /* Resources */ = {
			isa = PBXResourcesBuildPhase;
			buildActionMask = 2147483647;
			files = (
			);
			runOnlyForDeploymentPostprocessing = 0;
		};
/* End PBXResourcesBuildPhase section */

/* Begin PBXSourcesBuildPhase section */
		79C3D97A2A9CB03900EB3A6D /* Sources */ = {
			isa = PBXSourcesBuildPhase;
			buildActionMask = 2147483647;
			files = (
				79C3D9842A9CB03900EB3A6D /* ContentView.swift in Sources */,
				79C3D9822A9CB03900EB3A6D /* bawkyApp.swift in Sources */,
				79406F9E2A9CB38F00250D90 /* BuildChecker.swift in Sources */,
				7937A2E82A9CBDC200B144EA /* Startup.swift in Sources */,
			);
			runOnlyForDeploymentPostprocessing = 0;
		};
		79C3D98A2A9CB04200EB3A6D /* Sources */ = {
			isa = PBXSourcesBuildPhase;
			buildActionMask = 2147483647;
			files = (
				79C3D9932A9CB04200EB3A6D /* bawkyTests.swift in Sources */,
			);
			runOnlyForDeploymentPostprocessing = 0;
		};
		79C3D9942A9CB04200EB3A6D /* Sources */ = {
			isa = PBXSourcesBuildPhase;
			buildActionMask = 2147483647;
			files = (
				79C3D99D2A9CB04200EB3A6D /* bawkyUITests.swift in Sources */,
				79C3D99F2A9CB04200EB3A6D /* bawkyUITestsLaunchTests.swift in Sources */,
			);
			runOnlyForDeploymentPostprocessing = 0;
		};
/* End PBXSourcesBuildPhase section */

/* Begin PBXTargetDependency section */
		79C3D9902A9CB04200EB3A6D /* PBXTargetDependency */ = {
			isa = PBXTargetDependency;
			target = 79C3D97D2A9CB03900EB3A6D /* bawky */;
			targetProxy = 79C3D98F2A9CB04200EB3A6D /* PBXContainerItemProxy */;
		};
		79C3D99A2A9CB04200EB3A6D /* PBXTargetDependency */ = {
			isa = PBXTargetDependency;
			target = 79C3D97D2A9CB03900EB3A6D /* bawky */;
			targetProxy = 79C3D9992A9CB04200EB3A6D /* PBXContainerItemProxy */;
		};
/* End PBXTargetDependency section */

/* Begin XCBuildConfiguration section */
		79C3D9A02A9CB04200EB3A6D /* Debug */ = {
			isa = XCBuildConfiguration;
			buildSettings = {
				ALWAYS_SEARCH_USER_PATHS = NO;
				ASSETCATALOG_COMPILER_GENERATE_SWIFT_ASSET_SYMBOL_EXTENSIONS = YES;
				CLANG_ANALYZER_NONNULL = YES;
				CLANG_ANALYZER_NUMBER_OBJECT_CONVERSION = YES_AGGRESSIVE;
				CLANG_CXX_LANGUAGE_STANDARD = "gnu++20";
				CLANG_ENABLE_MODULES = YES;
				CLANG_ENABLE_OBJC_ARC = YES;
				CLANG_ENABLE_OBJC_WEAK = YES;
				CLANG_WARN_BLOCK_CAPTURE_AUTORELEASING = YES;
				CLANG_WARN_BOOL_CONVERSION = YES;
				CLANG_WARN_COMMA = YES;
				CLANG_WARN_CONSTANT_CONVERSION = YES;
				CLANG_WARN_DEPRECATED_OBJC_IMPLEMENTATIONS = YES;
				CLANG_WARN_DIRECT_OBJC_ISA_USAGE = YES_ERROR;
				CLANG_WARN_DOCUMENTATION_COMMENTS = YES;
				CLANG_WARN_EMPTY_BODY = YES;
				CLANG_WARN_ENUM_CONVERSION = YES;
				CLANG_WARN_INFINITE_RECURSION = YES;
				CLANG_WARN_INT_CONVERSION = YES;
				CLANG_WARN_NON_LITERAL_NULL_CONVERSION = YES;
				CLANG_WARN_OBJC_IMPLICIT_RETAIN_SELF = YES;
				CLANG_WARN_OBJC_LITERAL_CONVERSION = YES;
				CLANG_WARN_OBJC_ROOT_CLASS = YES_ERROR;
				CLANG_WARN_QUOTED_INCLUDE_IN_FRAMEWORK_HEADER = YES;
				CLANG_WARN_RANGE_LOOP_ANALYSIS = YES;
				CLANG_WARN_STRICT_PROTOTYPES = YES;
				CLANG_WARN_SUSPICIOUS_MOVE = YES;
				CLANG_WARN_UNGUARDED_AVAILABILITY = YES_AGGRESSIVE;
				CLANG_WARN_UNREACHABLE_CODE = YES;
				CLANG_WARN__DUPLICATE_METHOD_MATCH = YES;
				COPY_PHASE_STRIP = NO;
				DEBUG_INFORMATION_FORMAT = dwarf;
				ENABLE_STRICT_OBJC_MSGSEND = YES;
				ENABLE_TESTABILITY = YES;
				ENABLE_USER_SCRIPT_SANDBOXING = YES;
				GCC_C_LANGUAGE_STANDARD = gnu17;
				GCC_DYNAMIC_NO_PIC = NO;
				GCC_NO_COMMON_BLOCKS = YES;
				GCC_OPTIMIZATION_LEVEL = 0;
				GCC_PREPROCESSOR_DEFINITIONS = (
					"DEBUG=1",
					"$(inherited)",
				);
				GCC_WARN_64_TO_32_BIT_CONVERSION = YES;
				GCC_WARN_ABOUT_RETURN_TYPE = YES_ERROR;
				GCC_WARN_UNDECLARED_SELECTOR = YES;
				GCC_WARN_UNINITIALIZED_AUTOS = YES_AGGRESSIVE;
				GCC_WARN_UNUSED_FUNCTION = YES;
				GCC_WARN_UNUSED_VARIABLE = YES;
				IPHONEOS_DEPLOYMENT_TARGET = 16.2;
				LOCALIZATION_PREFERS_STRING_CATALOGS = YES;
				MTL_ENABLE_DEBUG_INFO = INCLUDE_SOURCE;
				MTL_FAST_MATH = YES;
				ONLY_ACTIVE_ARCH = YES;
				SDKROOT = iphoneos;
				SWIFT_ACTIVE_COMPILATION_CONDITIONS = "DEBUG $(inherited)";
				SWIFT_OPTIMIZATION_LEVEL = "-Onone";
			};
			name = Debug;
		};
		79C3D9A12A9CB04200EB3A6D /* Release */ = {
			isa = XCBuildConfiguration;
			buildSettings = {
				ALWAYS_SEARCH_USER_PATHS = NO;
				ASSETCATALOG_COMPILER_GENERATE_SWIFT_ASSET_SYMBOL_EXTENSIONS = YES;
				CLANG_ANALYZER_NONNULL = YES;
				CLANG_ANALYZER_NUMBER_OBJECT_CONVERSION = YES_AGGRESSIVE;
				CLANG_CXX_LANGUAGE_STANDARD = "gnu++20";
				CLANG_ENABLE_MODULES = YES;
				CLANG_ENABLE_OBJC_ARC = YES;
				CLANG_ENABLE_OBJC_WEAK = YES;
				CLANG_WARN_BLOCK_CAPTURE_AUTORELEASING = YES;
				CLANG_WARN_BOOL_CONVERSION = YES;
				CLANG_WARN_COMMA = YES;
				CLANG_WARN_CONSTANT_CONVERSION = YES;
				CLANG_WARN_DEPRECATED_OBJC_IMPLEMENTATIONS = YES;
				CLANG_WARN_DIRECT_OBJC_ISA_USAGE = YES_ERROR;
				CLANG_WARN_DOCUMENTATION_COMMENTS = YES;
				CLANG_WARN_EMPTY_BODY = YES;
				CLANG_WARN_ENUM_CONVERSION = YES;
				CLANG_WARN_INFINITE_RECURSION = YES;
				CLANG_WARN_INT_CONVERSION = YES;
				CLANG_WARN_NON_LITERAL_NULL_CONVERSION = YES;
				CLANG_WARN_OBJC_IMPLICIT_RETAIN_SELF = YES;
				CLANG_WARN_OBJC_LITERAL_CONVERSION = YES;
				CLANG_WARN_OBJC_ROOT_CLASS = YES_ERROR;
				CLANG_WARN_QUOTED_INCLUDE_IN_FRAMEWORK_HEADER = YES;
				CLANG_WARN_RANGE_LOOP_ANALYSIS = YES;
				CLANG_WARN_STRICT_PROTOTYPES = YES;
				CLANG_WARN_SUSPICIOUS_MOVE = YES;
				CLANG_WARN_UNGUARDED_AVAILABILITY = YES_AGGRESSIVE;
				CLANG_WARN_UNREACHABLE_CODE = YES;
				CLANG_WARN__DUPLICATE_METHOD_MATCH = YES;
				COPY_PHASE_STRIP = NO;
				DEBUG_INFORMATION_FORMAT = "dwarf-with-dsym";
				ENABLE_NS_ASSERTIONS = NO;
				ENABLE_STRICT_OBJC_MSGSEND = YES;
				ENABLE_USER_SCRIPT_SANDBOXING = YES;
				GCC_C_LANGUAGE_STANDARD = gnu17;
				GCC_NO_COMMON_BLOCKS = YES;
				GCC_WARN_64_TO_32_BIT_CONVERSION = YES;
				GCC_WARN_ABOUT_RETURN_TYPE = YES_ERROR;
				GCC_WARN_UNDECLARED_SELECTOR = YES;
				GCC_WARN_UNINITIALIZED_AUTOS = YES_AGGRESSIVE;
				GCC_WARN_UNUSED_FUNCTION = YES;
				GCC_WARN_UNUSED_VARIABLE = YES;
				IPHONEOS_DEPLOYMENT_TARGET = 16.2;
				LOCALIZATION_PREFERS_STRING_CATALOGS = YES;
				MTL_ENABLE_DEBUG_INFO = NO;
				MTL_FAST_MATH = YES;
				SDKROOT = iphoneos;
				SWIFT_COMPILATION_MODE = wholemodule;
				VALIDATE_PRODUCT = YES;
			};
			name = Release;
		};
		79C3D9A32A9CB04200EB3A6D /* Debug */ = {
			isa = XCBuildConfiguration;
			buildSettings = {
				ASSETCATALOG_COMPILER_APPICON_NAME = AppIcon;
				ASSETCATALOG_COMPILER_GLOBAL_ACCENT_COLOR_NAME = AccentColor;
				CLANG_ENABLE_MODULES = YES;
				CODE_SIGN_STYLE = Automatic;
				CURRENT_PROJECT_VERSION = 1;
				DEVELOPMENT_ASSET_PATHS = "\"bawky/Preview Content\"";
				DEVELOPMENT_TEAM = 7G89J82G2A;
				ENABLE_PREVIEWS = YES;
				GENERATE_INFOPLIST_FILE = YES;
				INFOPLIST_KEY_CFBundleDisplayName = Bawky;
				INFOPLIST_KEY_LSApplicationCategoryType = "public.app-category.lifestyle";
				INFOPLIST_KEY_UIApplicationSceneManifest_Generation = YES;
				INFOPLIST_KEY_UIApplicationSupportsIndirectInputEvents = YES;
				INFOPLIST_KEY_UILaunchScreen_Generation = YES;
				INFOPLIST_KEY_UISupportedInterfaceOrientations = "UIInterfaceOrientationPortrait UIInterfaceOrientationPortraitUpsideDown";
				IPHONEOS_DEPLOYMENT_TARGET = 16.2;
				LD_RUNPATH_SEARCH_PATHS = (
					"$(inherited)",
					"@executable_path/Frameworks",
				);
				MARKETING_VERSION = 1.0;
				PRODUCT_BUNDLE_IDENTIFIER = live.cclerc.bawky;
				PRODUCT_NAME = "$(TARGET_NAME)";
				SWIFT_EMIT_LOC_STRINGS = YES;
				SWIFT_OBJC_BRIDGING_HEADER = "bawky/bawky-Bridging-Header.h";
				SWIFT_OPTIMIZATION_LEVEL = "-Onone";
				SWIFT_VERSION = 5.0;
				TARGETED_DEVICE_FAMILY = "1,2";
			};
			name = Debug;
		};
		79C3D9A42A9CB04200EB3A6D /* Release */ = {
			isa = XCBuildConfiguration;
			buildSettings = {
				ASSETCATALOG_COMPILER_APPICON_NAME = AppIcon;
				ASSETCATALOG_COMPILER_GLOBAL_ACCENT_COLOR_NAME = AccentColor;
				CLANG_ENABLE_MODULES = YES;
				CODE_SIGN_STYLE = Automatic;
				CURRENT_PROJECT_VERSION = 1;
				DEVELOPMENT_ASSET_PATHS = "\"bawky/Preview Content\"";
				DEVELOPMENT_TEAM = 7G89J82G2A;
				ENABLE_PREVIEWS = YES;
				GENERATE_INFOPLIST_FILE = YES;
				INFOPLIST_KEY_CFBundleDisplayName = Bawky;
				INFOPLIST_KEY_LSApplicationCategoryType = "public.app-category.lifestyle";
				INFOPLIST_KEY_UIApplicationSceneManifest_Generation = YES;
				INFOPLIST_KEY_UIApplicationSupportsIndirectInputEvents = YES;
				INFOPLIST_KEY_UILaunchScreen_Generation = YES;
				INFOPLIST_KEY_UISupportedInterfaceOrientations = "UIInterfaceOrientationPortrait UIInterfaceOrientationPortraitUpsideDown";
				IPHONEOS_DEPLOYMENT_TARGET = 16.2;
				LD_RUNPATH_SEARCH_PATHS = (
					"$(inherited)",
					"@executable_path/Frameworks",
				);
				MARKETING_VERSION = 1.0;
				PRODUCT_BUNDLE_IDENTIFIER = live.cclerc.bawky;
				PRODUCT_NAME = "$(TARGET_NAME)";
				SWIFT_EMIT_LOC_STRINGS = YES;
				SWIFT_OBJC_BRIDGING_HEADER = "bawky/bawky-Bridging-Header.h";
				SWIFT_VERSION = 5.0;
				TARGETED_DEVICE_FAMILY = "1,2";
			};
			name = Release;
		};
		79C3D9A62A9CB04200EB3A6D /* Debug */ = {
			isa = XCBuildConfiguration;
			buildSettings = {
				ALWAYS_EMBED_SWIFT_STANDARD_LIBRARIES = YES;
				BUNDLE_LOADER = "$(TEST_HOST)";
				CODE_SIGN_STYLE = Automatic;
				CURRENT_PROJECT_VERSION = 1;
				GENERATE_INFOPLIST_FILE = YES;
				IPHONEOS_DEPLOYMENT_TARGET = 17.0;
				MARKETING_VERSION = 1.0;
				PRODUCT_BUNDLE_IDENTIFIER = live.cclerc.bawkyTests;
				PRODUCT_NAME = "$(TARGET_NAME)";
				SWIFT_EMIT_LOC_STRINGS = NO;
				SWIFT_VERSION = 5.0;
				TARGETED_DEVICE_FAMILY = "1,2";
				TEST_HOST = "$(BUILT_PRODUCTS_DIR)/bawky.app/$(BUNDLE_EXECUTABLE_FOLDER_PATH)/bawky";
			};
			name = Debug;
		};
		79C3D9A72A9CB04200EB3A6D /* Release */ = {
			isa = XCBuildConfiguration;
			buildSettings = {
				ALWAYS_EMBED_SWIFT_STANDARD_LIBRARIES = YES;
				BUNDLE_LOADER = "$(TEST_HOST)";
				CODE_SIGN_STYLE = Automatic;
				CURRENT_PROJECT_VERSION = 1;
				GENERATE_INFOPLIST_FILE = YES;
				IPHONEOS_DEPLOYMENT_TARGET = 17.0;
				MARKETING_VERSION = 1.0;
				PRODUCT_BUNDLE_IDENTIFIER = live.cclerc.bawkyTests;
				PRODUCT_NAME = "$(TARGET_NAME)";
				SWIFT_EMIT_LOC_STRINGS = NO;
				SWIFT_VERSION = 5.0;
				TARGETED_DEVICE_FAMILY = "1,2";
				TEST_HOST = "$(BUILT_PRODUCTS_DIR)/bawky.app/$(BUNDLE_EXECUTABLE_FOLDER_PATH)/bawky";
			};
			name = Release;
		};
		79C3D9A92A9CB04200EB3A6D /* Debug */ = {
			isa = XCBuildConfiguration;
			buildSettings = {
				ALWAYS_EMBED_SWIFT_STANDARD_LIBRARIES = YES;
				CODE_SIGN_STYLE = Automatic;
				CURRENT_PROJECT_VERSION = 1;
				GENERATE_INFOPLIST_FILE = YES;
				MARKETING_VERSION = 1.0;
				PRODUCT_BUNDLE_IDENTIFIER = live.cclerc.bawkyUITests;
				PRODUCT_NAME = "$(TARGET_NAME)";
				SWIFT_EMIT_LOC_STRINGS = NO;
				SWIFT_VERSION = 5.0;
				TARGETED_DEVICE_FAMILY = "1,2";
				TEST_TARGET_NAME = bawky;
			};
			name = Debug;
		};
		79C3D9AA2A9CB04200EB3A6D /* Release */ = {
			isa = XCBuildConfiguration;
			buildSettings = {
				ALWAYS_EMBED_SWIFT_STANDARD_LIBRARIES = YES;
				CODE_SIGN_STYLE = Automatic;
				CURRENT_PROJECT_VERSION = 1;
				GENERATE_INFOPLIST_FILE = YES;
				MARKETING_VERSION = 1.0;
				PRODUCT_BUNDLE_IDENTIFIER = live.cclerc.bawkyUITests;
				PRODUCT_NAME = "$(TARGET_NAME)";
				SWIFT_EMIT_LOC_STRINGS = NO;
				SWIFT_VERSION = 5.0;
				TARGETED_DEVICE_FAMILY = "1,2";
				TEST_TARGET_NAME = bawky;
			};
			name = Release;
		};
/* End XCBuildConfiguration section */

/* Begin XCConfigurationList section */
		79C3D9792A9CB03900EB3A6D /* Build configuration list for PBXProject "bawky" */ = {
			isa = XCConfigurationList;
			buildConfigurations = (
				79C3D9A02A9CB04200EB3A6D /* Debug */,
				79C3D9A12A9CB04200EB3A6D /* Release */,
			);
			defaultConfigurationIsVisible = 0;
			defaultConfigurationName = Release;
		};
		79C3D9A22A9CB04200EB3A6D /* Build configuration list for PBXNativeTarget "bawky" */ = {
			isa = XCConfigurationList;
			buildConfigurations = (
				79C3D9A32A9CB04200EB3A6D /* Debug */,
				79C3D9A42A9CB04200EB3A6D /* Release */,
			);
			defaultConfigurationIsVisible = 0;
			defaultConfigurationName = Release;
		};
		79C3D9A52A9CB04200EB3A6D /* Build configuration list for PBXNativeTarget "bawkyTests" */ = {
			isa = XCConfigurationList;
			buildConfigurations = (
				79C3D9A62A9CB04200EB3A6D /* Debug */,
				79C3D9A72A9CB04200EB3A6D /* Release */,
			);
			defaultConfigurationIsVisible = 0;
			defaultConfigurationName = Release;
		};
		79C3D9A82A9CB04200EB3A6D /* Build configuration list for PBXNativeTarget "bawkyUITests" */ = {
			isa = XCConfigurationList;
			buildConfigurations = (
				79C3D9A92A9CB04200EB3A6D /* Debug */,
				79C3D9AA2A9CB04200EB3A6D /* Release */,
			);
			defaultConfigurationIsVisible = 0;
			defaultConfigurationName = Release;
		};
/* End XCConfigurationList section */

/* Begin XCRemoteSwiftPackageReference section */
		7937A2E42A9CBD9C00B144EA /* XCRemoteSwiftPackageReference "Welcome-Sheet" */ = {
			isa = XCRemoteSwiftPackageReference;
			repositoryURL = "https://github.com/MAJKFL/Welcome-Sheet";
			requirement = {
				kind = exactVersion;
				version = 1.2.0;
			};
		};
/* End XCRemoteSwiftPackageReference section */

/* Begin XCSwiftPackageProductDependency section */
		7937A2E52A9CBD9C00B144EA /* WelcomeSheet */ = {
			isa = XCSwiftPackageProductDependency;
			package = 7937A2E42A9CBD9C00B144EA /* XCRemoteSwiftPackageReference "Welcome-Sheet" */;
			productName = WelcomeSheet;
		};
/* End XCSwiftPackageProductDependency section */
	};
	rootObject = 79C3D9762A9CB03900EB3A6D /* Project object */;
}
