// !$*UTF8*$!
{
	archiveVersion = 1;
	classes = {
	};
	objectVersion = 56;
	objects = {

/* Begin PBXBuildFile section */
		7937A2E62A9CBD9C00B144EA /* WelcomeSheet in Frameworks */ = {isa = PBXBuildFile; productRef = 7937A2E52A9CBD9C00B144EA /* WelcomeSheet */; };
		7937A2E82A9CBDC200B144EA /* Startup.swift in Sources */ = {isa = PBXBuildFile; fileRef = 7937A2E72A9CBDC200B144EA /* Startup.swift */; };
		7937A32B2A9CCEDD00B144EA /* kfdSetup.swift in Sources */ = {isa = PBXBuildFile; fileRef = 7937A32A2A9CCEDD00B144EA /* kfdSetup.swift */; };
		7937A3422A9CD11200B144EA /* ezkfd.swift in Sources */ = {isa = PBXBuildFile; fileRef = 7937A32D2A9CD11000B144EA /* ezkfd.swift */; };
		7937A3572A9CD15E00B144EA /* jit.m in Sources */ = {isa = PBXBuildFile; fileRef = 7937A34E2A9CD15E00B144EA /* jit.m */; };
		7937A3582A9CD15E00B144EA /* vm_unaligned_copy_switch_race.c in Sources */ = {isa = PBXBuildFile; fileRef = 7937A34F2A9CD15E00B144EA /* vm_unaligned_copy_switch_race.c */; };
		7937A3592A9CD15E00B144EA /* grant_full_disk_access.m in Sources */ = {isa = PBXBuildFile; fileRef = 7937A3502A9CD15E00B144EA /* grant_full_disk_access.m */; };
		7937A35A2A9CD15E00B144EA /* helpers.m in Sources */ = {isa = PBXBuildFile; fileRef = 7937A3512A9CD15E00B144EA /* helpers.m */; };
		7937A35D2A9CD3B300B144EA /* UserSelection.swift in Sources */ = {isa = PBXBuildFile; fileRef = 7937A35C2A9CD3B300B144EA /* UserSelection.swift */; };
		7937A35F2A9CD75700B144EA /* InfoView.swift in Sources */ = {isa = PBXBuildFile; fileRef = 7937A35E2A9CD75700B144EA /* InfoView.swift */; };
		7937A3772A9CF2ED00B144EA /* ACarousel in Frameworks */ = {isa = PBXBuildFile; productRef = 7937A3762A9CF2ED00B144EA /* ACarousel */; };
		7937A37A2A9CF30500B144EA /* Dynamic in Frameworks */ = {isa = PBXBuildFile; productRef = 7937A3792A9CF30500B144EA /* Dynamic */; };
		7937A3822A9CF3AB00B144EA /* CachedAsyncImage in Frameworks */ = {isa = PBXBuildFile; productRef = 7937A3812A9CF3AB00B144EA /* CachedAsyncImage */; };
		7937A3852A9CF3BF00B144EA /* Zip in Frameworks */ = {isa = PBXBuildFile; productRef = 7937A3842A9CF3BF00B144EA /* Zip */; };
		7937A3882A9CF3F800B144EA /* ZIPFoundation in Frameworks */ = {isa = PBXBuildFile; productRef = 7937A3872A9CF3F800B144EA /* ZIPFoundation */; };
		7937A3962A9CF8A800B144EA /* Color++.swift in Sources */ = {isa = PBXBuildFile; fileRef = 7937A3912A9CF8A800B144EA /* Color++.swift */; };
		7937A3972A9CF8A800B144EA /* CornerRadius++.swift in Sources */ = {isa = PBXBuildFile; fileRef = 7937A3922A9CF8A800B144EA /* CornerRadius++.swift */; };
		7937A3982A9CF8A800B144EA /* ButtonStyles.swift in Sources */ = {isa = PBXBuildFile; fileRef = 7937A3932A9CF8A800B144EA /* ButtonStyles.swift */; };
		7937A3992A9CF8A800B144EA /* TextField++.swift in Sources */ = {isa = PBXBuildFile; fileRef = 7937A3942A9CF8A800B144EA /* TextField++.swift */; };
		7937A39A2A9CF8A800B144EA /* View++.swift in Sources */ = {isa = PBXBuildFile; fileRef = 7937A3952A9CF8A800B144EA /* View++.swift */; };
		7937A3A82A9CF94900B144EA /* FilePickerViewControllerDelegate.swift in Sources */ = {isa = PBXBuildFile; fileRef = 7937A39B2A9CF94200B144EA /* FilePickerViewControllerDelegate.swift */; };
		7937A3A92A9CF94900B144EA /* MachineName.swift in Sources */ = {isa = PBXBuildFile; fileRef = 7937A39C2A9CF94200B144EA /* MachineName.swift */; };
		7937A3AA2A9CF94900B144EA /* String+subscript.swift in Sources */ = {isa = PBXBuildFile; fileRef = 7937A39D2A9CF94300B144EA /* String+subscript.swift */; };
		7937A3AB2A9CF94900B144EA /* UIImage+resizeToApprox.swift in Sources */ = {isa = PBXBuildFile; fileRef = 7937A39E2A9CF94300B144EA /* UIImage+resizeToApprox.swift */; };
		7937A3AC2A9CF94900B144EA /* Haptic++.swift in Sources */ = {isa = PBXBuildFile; fileRef = 7937A39F2A9CF94400B144EA /* Haptic++.swift */; };
		7937A3AD2A9CF94900B144EA /* AppIcon.swift in Sources */ = {isa = PBXBuildFile; fileRef = 7937A3A12A9CF94500B144EA /* AppIcon.swift */; };
		7937A3AE2A9CF94900B144EA /* ChangeAppIconViewModel.swift in Sources */ = {isa = PBXBuildFile; fileRef = 7937A3A22A9CF94500B144EA /* ChangeAppIconViewModel.swift */; };
		7937A3AF2A9CF94900B144EA /* Device+xpc_crash.swift in Sources */ = {isa = PBXBuildFile; fileRef = 7937A3A32A9CF94600B144EA /* Device+xpc_crash.swift */; };
		7937A3B02A9CF94900B144EA /* pow.swift in Sources */ = {isa = PBXBuildFile; fileRef = 7937A3A42A9CF94600B144EA /* pow.swift */; };
		7937A3B12A9CF94900B144EA /* URLCache+imageCache.swift in Sources */ = {isa = PBXBuildFile; fileRef = 7937A3A52A9CF94700B144EA /* URLCache+imageCache.swift */; };
		7937A3B22A9CF94900B144EA /* Extensions.swift in Sources */ = {isa = PBXBuildFile; fileRef = 7937A3A62A9CF94800B144EA /* Extensions.swift */; };
		7937A3B32A9CF94900B144EA /* Alert++.swift in Sources */ = {isa = PBXBuildFile; fileRef = 7937A3A72A9CF94900B144EA /* Alert++.swift */; };
		7937A3B52A9CFA5F00B144EA /* TintedButton14.swift in Sources */ = {isa = PBXBuildFile; fileRef = 7937A3B42A9CFA5F00B144EA /* TintedButton14.swift */; };
		7937A3B72A9CFACF00B144EA /* ToolsManager.swift in Sources */ = {isa = PBXBuildFile; fileRef = 7937A3B62A9CFACF00B144EA /* ToolsManager.swift */; };
		7937A3BB2A9CFC6A00B144EA /* MaterialView.swift in Sources */ = {isa = PBXBuildFile; fileRef = 7937A3BA2A9CFC6A00B144EA /* MaterialView.swift */; };
		79406F9E2A9CB38F00250D90 /* BuildChecker.swift in Sources */ = {isa = PBXBuildFile; fileRef = 79406F9D2A9CB38F00250D90 /* BuildChecker.swift */; };
		795E5F2E2AA67A42006FD7AF /* mainvolume.caml in Resources */ = {isa = PBXBuildFile; fileRef = 795E5EEF2AA67A40006FD7AF /* mainvolume.caml */; };
		795E5F2F2AA67A42006FD7AF /* AAAA.bin in Resources */ = {isa = PBXBuildFile; fileRef = 795E5EF02AA67A40006FD7AF /* AAAA.bin */; };
		795E5F302AA67A42006FD7AF /* modules.materialrecipe in Resources */ = {isa = PBXBuildFile; fileRef = 795E5EF12AA67A40006FD7AF /* modules.materialrecipe */; };
		795E5F312AA67A42006FD7AF /* ios16.car in Resources */ = {isa = PBXBuildFile; fileRef = 795E5EF22AA67A40006FD7AF /* ios16.car */; };
		795E5F322AA67A42006FD7AF /* mainforwardbackward.caml in Resources */ = {isa = PBXBuildFile; fileRef = 795E5EF32AA67A40006FD7AF /* mainforwardbackward.caml */; };
		795E5F332AA67A42006FD7AF /* lock.caf in Resources */ = {isa = PBXBuildFile; fileRef = 795E5EF42AA67A40006FD7AF /* lock.caf */; };
		795E5F342AA67A42006FD7AF /* mainbluetooth.caml in Resources */ = {isa = PBXBuildFile; fileRef = 795E5EF62AA67A40006FD7AF /* mainbluetooth.caml */; };
		795E5F352AA67A42006FD7AF /* Pyro.png in Resources */ = {isa = PBXBuildFile; fileRef = 795E5EF72AA67A40006FD7AF /* Pyro.png */; };
		795E5F362AA67A42006FD7AF /* SFUI.ttf in Resources */ = {isa = PBXBuildFile; fileRef = 795E5EF82AA67A40006FD7AF /* SFUI.ttf */; };
		795E5F372AA67A42006FD7AF /* Dendro.png in Resources */ = {isa = PBXBuildFile; fileRef = 795E5EF92AA67A40006FD7AF /* Dendro.png */; };
		795E5F382AA67A42006FD7AF /* Cryo.png in Resources */ = {isa = PBXBuildFile; fileRef = 795E5EFA2AA67A40006FD7AF /* Cryo.png */; };
		795E5F392AA67A42006FD7AF /* PlampyWifi.car in Resources */ = {isa = PBXBuildFile; fileRef = 795E5EFB2AA67A40006FD7AF /* PlampyWifi.car */; };
		795E5F3A2AA67A42006FD7AF /* passcodetrolley.png in Resources */ = {isa = PBXBuildFile; fileRef = 795E5EFC2AA67A40006FD7AF /* passcodetrolley.png */; };
		795E5F3B2AA67A42006FD7AF /* Hydro.png in Resources */ = {isa = PBXBuildFile; fileRef = 795E5EFD2AA67A40006FD7AF /* Hydro.png */; };
		795E5F3C2AA67A42006FD7AF /* Quantum.png in Resources */ = {isa = PBXBuildFile; fileRef = 795E5F052AA67A40006FD7AF /* Quantum.png */; };
		795E5F3D2AA67A42006FD7AF /* main.caml in Resources */ = {isa = PBXBuildFile; fileRef = 795E5F0B2AA67A40006FD7AF /* main.caml */; };
		795E5F3E2AA67A42006FD7AF /* focusmain.caml in Resources */ = {isa = PBXBuildFile; fileRef = 795E5F0C2AA67A40006FD7AF /* focusmain.caml */; };
		795E5F3F2AA67A42006FD7AF /* imaginary.png in Resources */ = {isa = PBXBuildFile; fileRef = 795E5F0D2AA67A40006FD7AF /* imaginary.png */; };
		795E5F402AA67A42006FD7AF /* Electro.png in Resources */ = {isa = PBXBuildFile; fileRef = 795E5F112AA67A40006FD7AF /* Electro.png */; };
		795E5F412AA67A42006FD7AF /* Geo.png in Resources */ = {isa = PBXBuildFile; fileRef = 795E5F122AA67A40006FD7AF /* Geo.png */; };
		795E5F422AA67A42006FD7AF /* Anemo.png in Resources */ = {isa = PBXBuildFile; fileRef = 795E5F132AA67A40006FD7AF /* Anemo.png */; };
		795E5F432AA67A42006FD7AF /* mainbrightness.caml in Resources */ = {isa = PBXBuildFile; fileRef = 795E5F162AA67A40006FD7AF /* mainbrightness.caml */; };
		795E5F442AA67A42006FD7AF /* mainwifi.caml in Resources */ = {isa = PBXBuildFile; fileRef = 795E5F172AA67A40006FD7AF /* mainwifi.caml */; };
		795E5F452AA67A42006FD7AF /* modulesBackground.materialrecipe in Resources */ = {isa = PBXBuildFile; fileRef = 795E5F182AA67A40006FD7AF /* modulesBackground.materialrecipe */; };
		795E5F462AA67A42006FD7AF /* mainplaypausestop.caml in Resources */ = {isa = PBXBuildFile; fileRef = 795E5F192AA67A40006FD7AF /* mainplaypausestop.caml */; };
		795E5F472AA67A42006FD7AF /* fun.m in Sources */ = {isa = PBXBuildFile; fileRef = 795E5F212AA67A41006FD7AF /* fun.m */; };
		795E5F482AA67A42006FD7AF /* grant_full_disk_access.m in Sources */ = {isa = PBXBuildFile; fileRef = 795E5F222AA67A41006FD7AF /* grant_full_disk_access.m */; };
		795E5F492AA67A42006FD7AF /* helpers.m in Sources */ = {isa = PBXBuildFile; fileRef = 795E5F232AA67A41006FD7AF /* helpers.m */; };
		795E5F4A2AA67A42006FD7AF /* utils.m in Sources */ = {isa = PBXBuildFile; fileRef = 795E5F242AA67A41006FD7AF /* utils.m */; };
		795E5F4B2AA67A42006FD7AF /* thanks_opa334dev_htrowii.m in Sources */ = {isa = PBXBuildFile; fileRef = 795E5F252AA67A41006FD7AF /* thanks_opa334dev_htrowii.m */; };
		795E5F4C2AA67A42006FD7AF /* krw.c in Sources */ = {isa = PBXBuildFile; fileRef = 795E5F262AA67A41006FD7AF /* krw.c */; };
		795E5F4D2AA67A42006FD7AF /* offsets.m in Sources */ = {isa = PBXBuildFile; fileRef = 795E5F272AA67A41006FD7AF /* offsets.m */; };
		795E5F4E2AA67A42006FD7AF /* vnode.m in Sources */ = {isa = PBXBuildFile; fileRef = 795E5F282AA67A41006FD7AF /* vnode.m */; };
		795E5F4F2AA67A42006FD7AF /* proc.c in Sources */ = {isa = PBXBuildFile; fileRef = 795E5F292AA67A41006FD7AF /* proc.c */; };
		79C3D9822A9CB03900EB3A6D /* bawkyApp.swift in Sources */ = {isa = PBXBuildFile; fileRef = 79C3D9812A9CB03900EB3A6D /* bawkyApp.swift */; };
		79C3D9842A9CB03900EB3A6D /* ContentView.swift in Sources */ = {isa = PBXBuildFile; fileRef = 79C3D9832A9CB03900EB3A6D /* ContentView.swift */; };
		79C3D9862A9CB04100EB3A6D /* Assets.xcassets in Resources */ = {isa = PBXBuildFile; fileRef = 79C3D9852A9CB04100EB3A6D /* Assets.xcassets */; };
		79C3D9892A9CB04100EB3A6D /* Preview Assets.xcassets in Resources */ = {isa = PBXBuildFile; fileRef = 79C3D9882A9CB04100EB3A6D /* Preview Assets.xcassets */; };
		79C3D9932A9CB04200EB3A6D /* bawkyTests.swift in Sources */ = {isa = PBXBuildFile; fileRef = 79C3D9922A9CB04200EB3A6D /* bawkyTests.swift */; };
		79C3D99D2A9CB04200EB3A6D /* bawkyUITests.swift in Sources */ = {isa = PBXBuildFile; fileRef = 79C3D99C2A9CB04200EB3A6D /* bawkyUITests.swift */; };
		79C3D99F2A9CB04200EB3A6D /* bawkyUITestsLaunchTests.swift in Sources */ = {isa = PBXBuildFile; fileRef = 79C3D99E2A9CB04200EB3A6D /* bawkyUITestsLaunchTests.swift */; };
/* End PBXBuildFile section */

/* Begin PBXContainerItemProxy section */
		79C3D98F2A9CB04200EB3A6D /* PBXContainerItemProxy */ = {
			isa = PBXContainerItemProxy;
			containerPortal = 79C3D9762A9CB03900EB3A6D /* Project object */;
			proxyType = 1;
			remoteGlobalIDString = 79C3D97D2A9CB03900EB3A6D;
			remoteInfo = bawky;
		};
		79C3D9992A9CB04200EB3A6D /* PBXContainerItemProxy */ = {
			isa = PBXContainerItemProxy;
			containerPortal = 79C3D9762A9CB03900EB3A6D /* Project object */;
			proxyType = 1;
			remoteGlobalIDString = 79C3D97D2A9CB03900EB3A6D;
			remoteInfo = bawky;
		};
/* End PBXContainerItemProxy section */

/* Begin PBXFileReference section */
		7937A2E72A9CBDC200B144EA /* Startup.swift */ = {isa = PBXFileReference; lastKnownFileType = sourcecode.swift; path = Startup.swift; sourceTree = "<group>"; };
		7937A2EA2A9CCE1800B144EA /* bawky-Bridging-Header.h */ = {isa = PBXFileReference; lastKnownFileType = sourcecode.c.h; path = "bawky-Bridging-Header.h"; sourceTree = "<group>"; };
		7937A32A2A9CCEDD00B144EA /* kfdSetup.swift */ = {isa = PBXFileReference; lastKnownFileType = sourcecode.swift; path = kfdSetup.swift; sourceTree = "<group>"; };
		7937A32D2A9CD11000B144EA /* ezkfd.swift */ = {isa = PBXFileReference; fileEncoding = 4; lastKnownFileType = sourcecode.swift; path = ezkfd.swift; sourceTree = "<group>"; };
		7937A34E2A9CD15E00B144EA /* jit.m */ = {isa = PBXFileReference; fileEncoding = 4; lastKnownFileType = sourcecode.c.objc; path = jit.m; sourceTree = "<group>"; };
		7937A34F2A9CD15E00B144EA /* vm_unaligned_copy_switch_race.c */ = {isa = PBXFileReference; fileEncoding = 4; lastKnownFileType = sourcecode.c.c; path = vm_unaligned_copy_switch_race.c; sourceTree = "<group>"; };
		7937A3502A9CD15E00B144EA /* grant_full_disk_access.m */ = {isa = PBXFileReference; fileEncoding = 4; lastKnownFileType = sourcecode.c.objc; path = grant_full_disk_access.m; sourceTree = "<group>"; };
		7937A3512A9CD15E00B144EA /* helpers.m */ = {isa = PBXFileReference; fileEncoding = 4; lastKnownFileType = sourcecode.c.objc; path = helpers.m; sourceTree = "<group>"; };
		7937A3522A9CD15E00B144EA /* jit.h */ = {isa = PBXFileReference; fileEncoding = 4; lastKnownFileType = sourcecode.c.h; path = jit.h; sourceTree = "<group>"; };
		7937A3532A9CD15E00B144EA /* vm_unaligned_copy_switch_race.h */ = {isa = PBXFileReference; fileEncoding = 4; lastKnownFileType = sourcecode.c.h; path = vm_unaligned_copy_switch_race.h; sourceTree = "<group>"; };
		7937A3542A9CD15E00B144EA /* helpers.h */ = {isa = PBXFileReference; fileEncoding = 4; lastKnownFileType = sourcecode.c.h; path = helpers.h; sourceTree = "<group>"; };
		7937A3552A9CD15E00B144EA /* grant_full_disk_access.h */ = {isa = PBXFileReference; fileEncoding = 4; lastKnownFileType = sourcecode.c.h; path = grant_full_disk_access.h; sourceTree = "<group>"; };
		7937A35C2A9CD3B300B144EA /* UserSelection.swift */ = {isa = PBXFileReference; lastKnownFileType = sourcecode.swift; path = UserSelection.swift; sourceTree = "<group>"; };
		7937A35E2A9CD75700B144EA /* InfoView.swift */ = {isa = PBXFileReference; lastKnownFileType = sourcecode.swift; path = InfoView.swift; sourceTree = "<group>"; };
		7937A3912A9CF8A800B144EA /* Color++.swift */ = {isa = PBXFileReference; fileEncoding = 4; lastKnownFileType = sourcecode.swift; path = "Color++.swift"; sourceTree = "<group>"; };
		7937A3922A9CF8A800B144EA /* CornerRadius++.swift */ = {isa = PBXFileReference; fileEncoding = 4; lastKnownFileType = sourcecode.swift; path = "CornerRadius++.swift"; sourceTree = "<group>"; };
		7937A3932A9CF8A800B144EA /* ButtonStyles.swift */ = {isa = PBXFileReference; fileEncoding = 4; lastKnownFileType = sourcecode.swift; path = ButtonStyles.swift; sourceTree = "<group>"; };
		7937A3942A9CF8A800B144EA /* TextField++.swift */ = {isa = PBXFileReference; fileEncoding = 4; lastKnownFileType = sourcecode.swift; path = "TextField++.swift"; sourceTree = "<group>"; };
		7937A3952A9CF8A800B144EA /* View++.swift */ = {isa = PBXFileReference; fileEncoding = 4; lastKnownFileType = sourcecode.swift; path = "View++.swift"; sourceTree = "<group>"; };
		7937A39B2A9CF94200B144EA /* FilePickerViewControllerDelegate.swift */ = {isa = PBXFileReference; fileEncoding = 4; lastKnownFileType = sourcecode.swift; path = FilePickerViewControllerDelegate.swift; sourceTree = "<group>"; };
		7937A39C2A9CF94200B144EA /* MachineName.swift */ = {isa = PBXFileReference; fileEncoding = 4; lastKnownFileType = sourcecode.swift; path = MachineName.swift; sourceTree = "<group>"; };
		7937A39D2A9CF94300B144EA /* String+subscript.swift */ = {isa = PBXFileReference; fileEncoding = 4; lastKnownFileType = sourcecode.swift; path = "String+subscript.swift"; sourceTree = "<group>"; };
		7937A39E2A9CF94300B144EA /* UIImage+resizeToApprox.swift */ = {isa = PBXFileReference; fileEncoding = 4; lastKnownFileType = sourcecode.swift; path = "UIImage+resizeToApprox.swift"; sourceTree = "<group>"; };
		7937A39F2A9CF94400B144EA /* Haptic++.swift */ = {isa = PBXFileReference; fileEncoding = 4; lastKnownFileType = sourcecode.swift; path = "Haptic++.swift"; sourceTree = "<group>"; };
		7937A3A12A9CF94500B144EA /* AppIcon.swift */ = {isa = PBXFileReference; fileEncoding = 4; lastKnownFileType = sourcecode.swift; path = AppIcon.swift; sourceTree = "<group>"; };
		7937A3A22A9CF94500B144EA /* ChangeAppIconViewModel.swift */ = {isa = PBXFileReference; fileEncoding = 4; lastKnownFileType = sourcecode.swift; path = ChangeAppIconViewModel.swift; sourceTree = "<group>"; };
		7937A3A32A9CF94600B144EA /* Device+xpc_crash.swift */ = {isa = PBXFileReference; fileEncoding = 4; lastKnownFileType = sourcecode.swift; path = "Device+xpc_crash.swift"; sourceTree = "<group>"; };
		7937A3A42A9CF94600B144EA /* pow.swift */ = {isa = PBXFileReference; fileEncoding = 4; lastKnownFileType = sourcecode.swift; path = pow.swift; sourceTree = "<group>"; };
		7937A3A52A9CF94700B144EA /* URLCache+imageCache.swift */ = {isa = PBXFileReference; fileEncoding = 4; lastKnownFileType = sourcecode.swift; path = "URLCache+imageCache.swift"; sourceTree = "<group>"; };
		7937A3A62A9CF94800B144EA /* Extensions.swift */ = {isa = PBXFileReference; fileEncoding = 4; lastKnownFileType = sourcecode.swift; path = Extensions.swift; sourceTree = "<group>"; };
		7937A3A72A9CF94900B144EA /* Alert++.swift */ = {isa = PBXFileReference; fileEncoding = 4; lastKnownFileType = sourcecode.swift; path = "Alert++.swift"; sourceTree = "<group>"; };
		7937A3B42A9CFA5F00B144EA /* TintedButton14.swift */ = {isa = PBXFileReference; fileEncoding = 4; lastKnownFileType = sourcecode.swift; path = TintedButton14.swift; sourceTree = "<group>"; };
		7937A3B62A9CFACF00B144EA /* ToolsManager.swift */ = {isa = PBXFileReference; fileEncoding = 4; lastKnownFileType = sourcecode.swift; path = ToolsManager.swift; sourceTree = "<group>"; };
		7937A3BA2A9CFC6A00B144EA /* MaterialView.swift */ = {isa = PBXFileReference; fileEncoding = 4; lastKnownFileType = sourcecode.swift; path = MaterialView.swift; sourceTree = "<group>"; };
		7937A3BC2A9CFDD400B144EA /* ISIconCacheServiceProtocol-Protocol.h */ = {isa = PBXFileReference; lastKnownFileType = sourcecode.c.h; path = "ISIconCacheServiceProtocol-Protocol.h"; sourceTree = "<group>"; };
		7937A3BD2A9CFDD500B144EA /* IconServices.h */ = {isa = PBXFileReference; lastKnownFileType = sourcecode.c.h; path = IconServices.h; sourceTree = "<group>"; };
		79406F9D2A9CB38F00250D90 /* BuildChecker.swift */ = {isa = PBXFileReference; lastKnownFileType = sourcecode.swift; path = BuildChecker.swift; sourceTree = "<group>"; };
		795E5EEF2AA67A40006FD7AF /* mainvolume.caml */ = {isa = PBXFileReference; fileEncoding = 4; lastKnownFileType = text.xml; path = mainvolume.caml; sourceTree = "<group>"; };
		795E5EF02AA67A40006FD7AF /* AAAA.bin */ = {isa = PBXFileReference; lastKnownFileType = archive.macbinary; path = AAAA.bin; sourceTree = "<group>"; };
		795E5EF12AA67A40006FD7AF /* modules.materialrecipe */ = {isa = PBXFileReference; lastKnownFileType = file.bplist; path = modules.materialrecipe; sourceTree = "<group>"; };
		795E5EF22AA67A40006FD7AF /* ios16.car */ = {isa = PBXFileReference; lastKnownFileType = file; path = ios16.car; sourceTree = "<group>"; };
		795E5EF32AA67A40006FD7AF /* mainforwardbackward.caml */ = {isa = PBXFileReference; fileEncoding = 4; lastKnownFileType = text.xml; path = mainforwardbackward.caml; sourceTree = "<group>"; };
		795E5EF42AA67A40006FD7AF /* lock.caf */ = {isa = PBXFileReference; lastKnownFileType = file; path = lock.caf; sourceTree = "<group>"; };
		795E5EF52AA67A40006FD7AF /* krkw.h */ = {isa = PBXFileReference; fileEncoding = 4; lastKnownFileType = sourcecode.c.h; path = krkw.h; sourceTree = "<group>"; };
		795E5EF62AA67A40006FD7AF /* mainbluetooth.caml */ = {isa = PBXFileReference; fileEncoding = 4; lastKnownFileType = text.xml; path = mainbluetooth.caml; sourceTree = "<group>"; };
		795E5EF72AA67A40006FD7AF /* Pyro.png */ = {isa = PBXFileReference; lastKnownFileType = image.png; path = Pyro.png; sourceTree = "<group>"; };
		795E5EF82AA67A40006FD7AF /* SFUI.ttf */ = {isa = PBXFileReference; lastKnownFileType = file; path = SFUI.ttf; sourceTree = "<group>"; };
		795E5EF92AA67A40006FD7AF /* Dendro.png */ = {isa = PBXFileReference; lastKnownFileType = image.png; path = Dendro.png; sourceTree = "<group>"; };
		795E5EFA2AA67A40006FD7AF /* Cryo.png */ = {isa = PBXFileReference; lastKnownFileType = image.png; path = Cryo.png; sourceTree = "<group>"; };
		795E5EFB2AA67A40006FD7AF /* PlampyWifi.car */ = {isa = PBXFileReference; lastKnownFileType = file; path = PlampyWifi.car; sourceTree = "<group>"; };
		795E5EFC2AA67A40006FD7AF /* passcodetrolley.png */ = {isa = PBXFileReference; lastKnownFileType = image.png; path = passcodetrolley.png; sourceTree = "<group>"; };
		795E5EFD2AA67A40006FD7AF /* Hydro.png */ = {isa = PBXFileReference; lastKnownFileType = image.png; path = Hydro.png; sourceTree = "<group>"; };
		795E5F002AA67A40006FD7AF /* kread_sem_open.h */ = {isa = PBXFileReference; fileEncoding = 4; lastKnownFileType = sourcecode.c.h; path = kread_sem_open.h; sourceTree = "<group>"; };
		795E5F012AA67A40006FD7AF /* kread_kqueue_workloop_ctl.h */ = {isa = PBXFileReference; fileEncoding = 4; lastKnownFileType = sourcecode.c.h; path = kread_kqueue_workloop_ctl.h; sourceTree = "<group>"; };
		795E5F032AA67A40006FD7AF /* kwrite_sem_open.h */ = {isa = PBXFileReference; fileEncoding = 4; lastKnownFileType = sourcecode.c.h; path = kwrite_sem_open.h; sourceTree = "<group>"; };
		795E5F042AA67A40006FD7AF /* kwrite_dup.h */ = {isa = PBXFileReference; fileEncoding = 4; lastKnownFileType = sourcecode.c.h; path = kwrite_dup.h; sourceTree = "<group>"; };
		795E5F052AA67A40006FD7AF /* Quantum.png */ = {isa = PBXFileReference; lastKnownFileType = image.png; path = Quantum.png; sourceTree = "<group>"; };
		795E5F072AA67A40006FD7AF /* static_info.h */ = {isa = PBXFileReference; fileEncoding = 4; lastKnownFileType = sourcecode.c.h; path = static_info.h; sourceTree = "<group>"; };
		795E5F082AA67A40006FD7AF /* dynamic_info.h */ = {isa = PBXFileReference; fileEncoding = 4; lastKnownFileType = sourcecode.c.h; path = dynamic_info.h; sourceTree = "<group>"; };
		795E5F092AA67A40006FD7AF /* puaf.h */ = {isa = PBXFileReference; fileEncoding = 4; lastKnownFileType = sourcecode.c.h; path = puaf.h; sourceTree = "<group>"; };
		795E5F0A2AA67A40006FD7AF /* common.h */ = {isa = PBXFileReference; fileEncoding = 4; lastKnownFileType = sourcecode.c.h; path = common.h; sourceTree = "<group>"; };
		795E5F0B2AA67A40006FD7AF /* main.caml */ = {isa = PBXFileReference; fileEncoding = 4; lastKnownFileType = text.xml; path = main.caml; sourceTree = "<group>"; };
		795E5F0C2AA67A40006FD7AF /* focusmain.caml */ = {isa = PBXFileReference; fileEncoding = 4; lastKnownFileType = text.xml; path = focusmain.caml; sourceTree = "<group>"; };
		795E5F0D2AA67A40006FD7AF /* imaginary.png */ = {isa = PBXFileReference; lastKnownFileType = image.png; path = imaginary.png; sourceTree = "<group>"; };
		795E5F0F2AA67A40006FD7AF /* smith.h */ = {isa = PBXFileReference; fileEncoding = 4; lastKnownFileType = sourcecode.c.h; path = smith.h; sourceTree = "<group>"; };
		795E5F102AA67A40006FD7AF /* physpuppet.h */ = {isa = PBXFileReference; fileEncoding = 4; lastKnownFileType = sourcecode.c.h; path = physpuppet.h; sourceTree = "<group>"; };
		795E5F112AA67A40006FD7AF /* Electro.png */ = {isa = PBXFileReference; lastKnownFileType = image.png; path = Electro.png; sourceTree = "<group>"; };
		795E5F122AA67A40006FD7AF /* Geo.png */ = {isa = PBXFileReference; lastKnownFileType = image.png; path = Geo.png; sourceTree = "<group>"; };
		795E5F132AA67A40006FD7AF /* Anemo.png */ = {isa = PBXFileReference; lastKnownFileType = image.png; path = Anemo.png; sourceTree = "<group>"; };
		795E5F142AA67A40006FD7AF /* perf.h */ = {isa = PBXFileReference; fileEncoding = 4; lastKnownFileType = sourcecode.c.h; path = perf.h; sourceTree = "<group>"; };
		795E5F152AA67A40006FD7AF /* info.h */ = {isa = PBXFileReference; fileEncoding = 4; lastKnownFileType = sourcecode.c.h; path = info.h; sourceTree = "<group>"; };
		795E5F162AA67A40006FD7AF /* mainbrightness.caml */ = {isa = PBXFileReference; fileEncoding = 4; lastKnownFileType = text.xml; path = mainbrightness.caml; sourceTree = "<group>"; };
		795E5F172AA67A40006FD7AF /* mainwifi.caml */ = {isa = PBXFileReference; fileEncoding = 4; lastKnownFileType = text.xml; path = mainwifi.caml; sourceTree = "<group>"; };
		795E5F182AA67A40006FD7AF /* modulesBackground.materialrecipe */ = {isa = PBXFileReference; lastKnownFileType = file.bplist; path = modulesBackground.materialrecipe; sourceTree = "<group>"; };
		795E5F192AA67A40006FD7AF /* mainplaypausestop.caml */ = {isa = PBXFileReference; fileEncoding = 4; lastKnownFileType = text.xml; path = mainplaypausestop.caml; sourceTree = "<group>"; };
		795E5F1B2AA67A41006FD7AF /* thanks_opa334dev_htrowii.h */ = {isa = PBXFileReference; fileEncoding = 4; lastKnownFileType = sourcecode.c.h; path = thanks_opa334dev_htrowii.h; sourceTree = "<group>"; };
		795E5F1C2AA67A41006FD7AF /* utils.h */ = {isa = PBXFileReference; fileEncoding = 4; lastKnownFileType = sourcecode.c.h; path = utils.h; sourceTree = "<group>"; };
		795E5F1D2AA67A41006FD7AF /* vnode.h */ = {isa = PBXFileReference; fileEncoding = 4; lastKnownFileType = sourcecode.c.h; path = vnode.h; sourceTree = "<group>"; };
		795E5F1E2AA67A41006FD7AF /* proc.h */ = {isa = PBXFileReference; fileEncoding = 4; lastKnownFileType = sourcecode.c.h; path = proc.h; sourceTree = "<group>"; };
		795E5F1F2AA67A41006FD7AF /* offsets.h */ = {isa = PBXFileReference; fileEncoding = 4; lastKnownFileType = sourcecode.c.h; path = offsets.h; sourceTree = "<group>"; };
		795E5F202AA67A41006FD7AF /* krw.h */ = {isa = PBXFileReference; fileEncoding = 4; lastKnownFileType = sourcecode.c.h; path = krw.h; sourceTree = "<group>"; };
		795E5F212AA67A41006FD7AF /* fun.m */ = {isa = PBXFileReference; fileEncoding = 4; lastKnownFileType = sourcecode.c.objc; path = fun.m; sourceTree = "<group>"; };
		795E5F222AA67A41006FD7AF /* grant_full_disk_access.m */ = {isa = PBXFileReference; fileEncoding = 4; lastKnownFileType = sourcecode.c.objc; path = grant_full_disk_access.m; sourceTree = "<group>"; };
		795E5F232AA67A41006FD7AF /* helpers.m */ = {isa = PBXFileReference; fileEncoding = 4; lastKnownFileType = sourcecode.c.objc; path = helpers.m; sourceTree = "<group>"; };
		795E5F242AA67A41006FD7AF /* utils.m */ = {isa = PBXFileReference; fileEncoding = 4; lastKnownFileType = sourcecode.c.objc; path = utils.m; sourceTree = "<group>"; };
		795E5F252AA67A41006FD7AF /* thanks_opa334dev_htrowii.m */ = {isa = PBXFileReference; fileEncoding = 4; lastKnownFileType = sourcecode.c.objc; path = thanks_opa334dev_htrowii.m; sourceTree = "<group>"; };
		795E5F262AA67A41006FD7AF /* krw.c */ = {isa = PBXFileReference; fileEncoding = 4; lastKnownFileType = sourcecode.c.c; path = krw.c; sourceTree = "<group>"; };
		795E5F272AA67A41006FD7AF /* offsets.m */ = {isa = PBXFileReference; fileEncoding = 4; lastKnownFileType = sourcecode.c.objc; path = offsets.m; sourceTree = "<group>"; };
		795E5F282AA67A41006FD7AF /* vnode.m */ = {isa = PBXFileReference; fileEncoding = 4; lastKnownFileType = sourcecode.c.objc; path = vnode.m; sourceTree = "<group>"; };
		795E5F292AA67A41006FD7AF /* proc.c */ = {isa = PBXFileReference; fileEncoding = 4; lastKnownFileType = sourcecode.c.c; path = proc.c; sourceTree = "<group>"; };
		795E5F2A2AA67A41006FD7AF /* fun.h */ = {isa = PBXFileReference; fileEncoding = 4; lastKnownFileType = sourcecode.c.h; path = fun.h; sourceTree = "<group>"; };
		795E5F2B2AA67A41006FD7AF /* helpers.h */ = {isa = PBXFileReference; fileEncoding = 4; lastKnownFileType = sourcecode.c.h; path = helpers.h; sourceTree = "<group>"; };
		795E5F2C2AA67A41006FD7AF /* grant_full_disk_access.h */ = {isa = PBXFileReference; fileEncoding = 4; lastKnownFileType = sourcecode.c.h; path = grant_full_disk_access.h; sourceTree = "<group>"; };
		795E5F2D2AA67A42006FD7AF /* libkfd.h */ = {isa = PBXFileReference; fileEncoding = 4; lastKnownFileType = sourcecode.c.h; path = libkfd.h; sourceTree = "<group>"; };
		79C3D97E2A9CB03900EB3A6D /* bawky.app */ = {isa = PBXFileReference; explicitFileType = wrapper.application; includeInIndex = 0; path = bawky.app; sourceTree = BUILT_PRODUCTS_DIR; };
		79C3D9812A9CB03900EB3A6D /* bawkyApp.swift */ = {isa = PBXFileReference; lastKnownFileType = sourcecode.swift; path = bawkyApp.swift; sourceTree = "<group>"; };
		79C3D9832A9CB03900EB3A6D /* ContentView.swift */ = {isa = PBXFileReference; lastKnownFileType = sourcecode.swift; path = ContentView.swift; sourceTree = "<group>"; };
		79C3D9852A9CB04100EB3A6D /* Assets.xcassets */ = {isa = PBXFileReference; lastKnownFileType = folder.assetcatalog; path = Assets.xcassets; sourceTree = "<group>"; };
		79C3D9882A9CB04100EB3A6D /* Preview Assets.xcassets */ = {isa = PBXFileReference; lastKnownFileType = folder.assetcatalog; path = "Preview Assets.xcassets"; sourceTree = "<group>"; };
		79C3D98E2A9CB04200EB3A6D /* bawkyTests.xctest */ = {isa = PBXFileReference; explicitFileType = wrapper.cfbundle; includeInIndex = 0; path = bawkyTests.xctest; sourceTree = BUILT_PRODUCTS_DIR; };
		79C3D9922A9CB04200EB3A6D /* bawkyTests.swift */ = {isa = PBXFileReference; lastKnownFileType = sourcecode.swift; path = bawkyTests.swift; sourceTree = "<group>"; };
		79C3D9982A9CB04200EB3A6D /* bawkyUITests.xctest */ = {isa = PBXFileReference; explicitFileType = wrapper.cfbundle; includeInIndex = 0; path = bawkyUITests.xctest; sourceTree = BUILT_PRODUCTS_DIR; };
		79C3D99C2A9CB04200EB3A6D /* bawkyUITests.swift */ = {isa = PBXFileReference; lastKnownFileType = sourcecode.swift; path = bawkyUITests.swift; sourceTree = "<group>"; };
		79C3D99E2A9CB04200EB3A6D /* bawkyUITestsLaunchTests.swift */ = {isa = PBXFileReference; lastKnownFileType = sourcecode.swift; path = bawkyUITestsLaunchTests.swift; sourceTree = "<group>"; };
/* End PBXFileReference section */

/* Begin PBXFrameworksBuildPhase section */
		79C3D97B2A9CB03900EB3A6D /* Frameworks */ = {
			isa = PBXFrameworksBuildPhase;
			buildActionMask = 2147483647;
			files = (
				7937A3852A9CF3BF00B144EA /* Zip in Frameworks */,
				7937A37A2A9CF30500B144EA /* Dynamic in Frameworks */,
				7937A3772A9CF2ED00B144EA /* ACarousel in Frameworks */,
				7937A3822A9CF3AB00B144EA /* CachedAsyncImage in Frameworks */,
				7937A2E62A9CBD9C00B144EA /* WelcomeSheet in Frameworks */,
				7937A3882A9CF3F800B144EA /* ZIPFoundation in Frameworks */,
			);
			runOnlyForDeploymentPostprocessing = 0;
		};
		79C3D98B2A9CB04200EB3A6D /* Frameworks */ = {
			isa = PBXFrameworksBuildPhase;
			buildActionMask = 2147483647;
			files = (
			);
			runOnlyForDeploymentPostprocessing = 0;
		};
		79C3D9952A9CB04200EB3A6D /* Frameworks */ = {
			isa = PBXFrameworksBuildPhase;
			buildActionMask = 2147483647;
			files = (
			);
			runOnlyForDeploymentPostprocessing = 0;
		};
/* End PBXFrameworksBuildPhase section */

/* Begin PBXGroup section */
		7937A2E92A9CCDDC00B144EA /* exploit */ = {
			isa = PBXGroup;
			children = (
				795E5F1A2AA67A41006FD7AF /* fun */,
				795E5EEE2AA67A40006FD7AF /* libkfd */,
				795E5F2D2AA67A42006FD7AF /* libkfd.h */,
				7937A34D2A9CD15E00B144EA /* MDC */,
				7937A32D2A9CD11000B144EA /* ezkfd.swift */,
			);
			path = exploit;
			sourceTree = "<group>";
		};
		7937A3292A9CCEC000B144EA /* Views */ = {
			isa = PBXGroup;
			children = (
				79C3D9832A9CB03900EB3A6D /* ContentView.swift */,
				7937A35E2A9CD75700B144EA /* InfoView.swift */,
				7937A32A2A9CCEDD00B144EA /* kfdSetup.swift */,
			);
			path = Views;
			sourceTree = "<group>";
		};
		7937A34D2A9CD15E00B144EA /* MDC */ = {
			isa = PBXGroup;
			children = (
				7937A34E2A9CD15E00B144EA /* jit.m */,
				7937A34F2A9CD15E00B144EA /* vm_unaligned_copy_switch_race.c */,
				7937A3502A9CD15E00B144EA /* grant_full_disk_access.m */,
				7937A3512A9CD15E00B144EA /* helpers.m */,
				7937A3522A9CD15E00B144EA /* jit.h */,
				7937A3532A9CD15E00B144EA /* vm_unaligned_copy_switch_race.h */,
				7937A3542A9CD15E00B144EA /* helpers.h */,
				7937A3552A9CD15E00B144EA /* grant_full_disk_access.h */,
			);
			path = MDC;
			sourceTree = "<group>";
		};
		7937A3902A9CF8A800B144EA /* UI */ = {
			isa = PBXGroup;
			children = (
				7937A3912A9CF8A800B144EA /* Color++.swift */,
				7937A3922A9CF8A800B144EA /* CornerRadius++.swift */,
				7937A3932A9CF8A800B144EA /* ButtonStyles.swift */,
				7937A3942A9CF8A800B144EA /* TextField++.swift */,
				7937A3952A9CF8A800B144EA /* View++.swift */,
			);
			path = UI;
			sourceTree = "<group>";
		};
		7937A3A02A9CF94500B144EA /* AppIcon */ = {
			isa = PBXGroup;
			children = (
				7937A3A12A9CF94500B144EA /* AppIcon.swift */,
				7937A3A22A9CF94500B144EA /* ChangeAppIconViewModel.swift */,
			);
			path = AppIcon;
			sourceTree = "<group>";
		};
		79406F9C2A9CB37300250D90 /* Externalibs */ = {
			isa = PBXGroup;
			children = (
				7937A3BD2A9CFDD500B144EA /* IconServices.h */,
				7937A3BC2A9CFDD400B144EA /* ISIconCacheServiceProtocol-Protocol.h */,
				7937A3BA2A9CFC6A00B144EA /* MaterialView.swift */,
				7937A3A72A9CF94900B144EA /* Alert++.swift */,
				7937A3A02A9CF94500B144EA /* AppIcon */,
				7937A3A32A9CF94600B144EA /* Device+xpc_crash.swift */,
				7937A3A62A9CF94800B144EA /* Extensions.swift */,
				7937A39B2A9CF94200B144EA /* FilePickerViewControllerDelegate.swift */,
				7937A39F2A9CF94400B144EA /* Haptic++.swift */,
				7937A39C2A9CF94200B144EA /* MachineName.swift */,
				7937A3A42A9CF94600B144EA /* pow.swift */,
				7937A39D2A9CF94300B144EA /* String+subscript.swift */,
				7937A3B42A9CFA5F00B144EA /* TintedButton14.swift */,
				7937A3B62A9CFACF00B144EA /* ToolsManager.swift */,
				7937A39E2A9CF94300B144EA /* UIImage+resizeToApprox.swift */,
				7937A3A52A9CF94700B144EA /* URLCache+imageCache.swift */,
				7937A3902A9CF8A800B144EA /* UI */,
				79406F9D2A9CB38F00250D90 /* BuildChecker.swift */,
				7937A35C2A9CD3B300B144EA /* UserSelection.swift */,
				7937A2E72A9CBDC200B144EA /* Startup.swift */,
			);
			path = Externalibs;
			sourceTree = "<group>";
		};
		795E5EEE2AA67A40006FD7AF /* libkfd */ = {
			isa = PBXGroup;
			children = (
				795E5EEF2AA67A40006FD7AF /* mainvolume.caml */,
				795E5EF02AA67A40006FD7AF /* AAAA.bin */,
				795E5EF12AA67A40006FD7AF /* modules.materialrecipe */,
				795E5EF22AA67A40006FD7AF /* ios16.car */,
				795E5EF32AA67A40006FD7AF /* mainforwardbackward.caml */,
				795E5EF42AA67A40006FD7AF /* lock.caf */,
				795E5EF52AA67A40006FD7AF /* krkw.h */,
				795E5EF62AA67A40006FD7AF /* mainbluetooth.caml */,
				795E5EF72AA67A40006FD7AF /* Pyro.png */,
				795E5EF82AA67A40006FD7AF /* SFUI.ttf */,
				795E5EF92AA67A40006FD7AF /* Dendro.png */,
				795E5EFA2AA67A40006FD7AF /* Cryo.png */,
				795E5EFB2AA67A40006FD7AF /* PlampyWifi.car */,
				795E5EFC2AA67A40006FD7AF /* passcodetrolley.png */,
				795E5EFD2AA67A40006FD7AF /* Hydro.png */,
				795E5EFE2AA67A40006FD7AF /* krkw */,
				795E5F052AA67A40006FD7AF /* Quantum.png */,
				795E5F062AA67A40006FD7AF /* info */,
				795E5F092AA67A40006FD7AF /* puaf.h */,
				795E5F0A2AA67A40006FD7AF /* common.h */,
				795E5F0B2AA67A40006FD7AF /* main.caml */,
				795E5F0C2AA67A40006FD7AF /* focusmain.caml */,
				795E5F0D2AA67A40006FD7AF /* imaginary.png */,
				795E5F0E2AA67A40006FD7AF /* puaf */,
				795E5F112AA67A40006FD7AF /* Electro.png */,
				795E5F122AA67A40006FD7AF /* Geo.png */,
				795E5F132AA67A40006FD7AF /* Anemo.png */,
				795E5F142AA67A40006FD7AF /* perf.h */,
				795E5F152AA67A40006FD7AF /* info.h */,
				795E5F162AA67A40006FD7AF /* mainbrightness.caml */,
				795E5F172AA67A40006FD7AF /* mainwifi.caml */,
				795E5F182AA67A40006FD7AF /* modulesBackground.materialrecipe */,
				795E5F192AA67A40006FD7AF /* mainplaypausestop.caml */,
			);
			path = libkfd;
			sourceTree = "<group>";
		};
		795E5EFE2AA67A40006FD7AF /* krkw */ = {
			isa = PBXGroup;
			children = (
				795E5EFF2AA67A40006FD7AF /* kread */,
				795E5F022AA67A40006FD7AF /* kwrite */,
			);
			path = krkw;
			sourceTree = "<group>";
		};
		795E5EFF2AA67A40006FD7AF /* kread */ = {
			isa = PBXGroup;
			children = (
				795E5F002AA67A40006FD7AF /* kread_sem_open.h */,
				795E5F012AA67A40006FD7AF /* kread_kqueue_workloop_ctl.h */,
			);
			path = kread;
			sourceTree = "<group>";
		};
		795E5F022AA67A40006FD7AF /* kwrite */ = {
			isa = PBXGroup;
			children = (
				795E5F032AA67A40006FD7AF /* kwrite_sem_open.h */,
				795E5F042AA67A40006FD7AF /* kwrite_dup.h */,
			);
			path = kwrite;
			sourceTree = "<group>";
		};
		795E5F062AA67A40006FD7AF /* info */ = {
			isa = PBXGroup;
			children = (
				795E5F072AA67A40006FD7AF /* static_info.h */,
				795E5F082AA67A40006FD7AF /* dynamic_info.h */,
			);
			path = info;
			sourceTree = "<group>";
		};
		795E5F0E2AA67A40006FD7AF /* puaf */ = {
			isa = PBXGroup;
			children = (
				795E5F0F2AA67A40006FD7AF /* smith.h */,
				795E5F102AA67A40006FD7AF /* physpuppet.h */,
			);
			path = puaf;
			sourceTree = "<group>";
		};
		795E5F1A2AA67A41006FD7AF /* fun */ = {
			isa = PBXGroup;
			children = (
				795E5F1B2AA67A41006FD7AF /* thanks_opa334dev_htrowii.h */,
				795E5F1C2AA67A41006FD7AF /* utils.h */,
				795E5F1D2AA67A41006FD7AF /* vnode.h */,
				795E5F1E2AA67A41006FD7AF /* proc.h */,
				795E5F1F2AA67A41006FD7AF /* offsets.h */,
				795E5F202AA67A41006FD7AF /* krw.h */,
				795E5F212AA67A41006FD7AF /* fun.m */,
				795E5F222AA67A41006FD7AF /* grant_full_disk_access.m */,
				795E5F232AA67A41006FD7AF /* helpers.m */,
				795E5F242AA67A41006FD7AF /* utils.m */,
				795E5F252AA67A41006FD7AF /* thanks_opa334dev_htrowii.m */,
				795E5F262AA67A41006FD7AF /* krw.c */,
				795E5F272AA67A41006FD7AF /* offsets.m */,
				795E5F282AA67A41006FD7AF /* vnode.m */,
				795E5F292AA67A41006FD7AF /* proc.c */,
				795E5F2A2AA67A41006FD7AF /* fun.h */,
				795E5F2B2AA67A41006FD7AF /* helpers.h */,
				795E5F2C2AA67A41006FD7AF /* grant_full_disk_access.h */,
			);
			path = fun;
			sourceTree = "<group>";
		};
		79C3D9752A9CB03900EB3A6D = {
			isa = PBXGroup;
			children = (
				79C3D9802A9CB03900EB3A6D /* bawky */,
				79C3D9912A9CB04200EB3A6D /* bawkyTests */,
				79C3D99B2A9CB04200EB3A6D /* bawkyUITests */,
				79C3D97F2A9CB03900EB3A6D /* Products */,
			);
			sourceTree = "<group>";
		};
		79C3D97F2A9CB03900EB3A6D /* Products */ = {
			isa = PBXGroup;
			children = (
				79C3D97E2A9CB03900EB3A6D /* bawky.app */,
				79C3D98E2A9CB04200EB3A6D /* bawkyTests.xctest */,
				79C3D9982A9CB04200EB3A6D /* bawkyUITests.xctest */,
			);
			name = Products;
			sourceTree = "<group>";
		};
		79C3D9802A9CB03900EB3A6D /* bawky */ = {
			isa = PBXGroup;
			children = (
				79C3D9812A9CB03900EB3A6D /* bawkyApp.swift */,
				7937A2E92A9CCDDC00B144EA /* exploit */,
				79406F9C2A9CB37300250D90 /* Externalibs */,
				7937A3292A9CCEC000B144EA /* Views */,
				79C3D9852A9CB04100EB3A6D /* Assets.xcassets */,
				79C3D9872A9CB04100EB3A6D /* Preview Content */,
				7937A2EA2A9CCE1800B144EA /* bawky-Bridging-Header.h */,
			);
			path = bawky;
			sourceTree = "<group>";
		};
		79C3D9872A9CB04100EB3A6D /* Preview Content */ = {
			isa = PBXGroup;
			children = (
				79C3D9882A9CB04100EB3A6D /* Preview Assets.xcassets */,
			);
			path = "Preview Content";
			sourceTree = "<group>";
		};
		79C3D9912A9CB04200EB3A6D /* bawkyTests */ = {
			isa = PBXGroup;
			children = (
				79C3D9922A9CB04200EB3A6D /* bawkyTests.swift */,
			);
			path = bawkyTests;
			sourceTree = "<group>";
		};
		79C3D99B2A9CB04200EB3A6D /* bawkyUITests */ = {
			isa = PBXGroup;
			children = (
				79C3D99C2A9CB04200EB3A6D /* bawkyUITests.swift */,
				79C3D99E2A9CB04200EB3A6D /* bawkyUITestsLaunchTests.swift */,
			);
			path = bawkyUITests;
			sourceTree = "<group>";
		};
/* End PBXGroup section */

/* Begin PBXNativeTarget section */
		79C3D97D2A9CB03900EB3A6D /* bawky */ = {
			isa = PBXNativeTarget;
			buildConfigurationList = 79C3D9A22A9CB04200EB3A6D /* Build configuration list for PBXNativeTarget "bawky" */;
			buildPhases = (
				79C3D97A2A9CB03900EB3A6D /* Sources */,
				79C3D97B2A9CB03900EB3A6D /* Frameworks */,
				79C3D97C2A9CB03900EB3A6D /* Resources */,
			);
			buildRules = (
			);
			dependencies = (
			);
			name = bawky;
			packageProductDependencies = (
				7937A2E52A9CBD9C00B144EA /* WelcomeSheet */,
				7937A3762A9CF2ED00B144EA /* ACarousel */,
				7937A3792A9CF30500B144EA /* Dynamic */,
				7937A3812A9CF3AB00B144EA /* CachedAsyncImage */,
				7937A3842A9CF3BF00B144EA /* Zip */,
				7937A3872A9CF3F800B144EA /* ZIPFoundation */,
			);
			productName = bawky;
			productReference = 79C3D97E2A9CB03900EB3A6D /* bawky.app */;
			productType = "com.apple.product-type.application";
		};
		79C3D98D2A9CB04200EB3A6D /* bawkyTests */ = {
			isa = PBXNativeTarget;
			buildConfigurationList = 79C3D9A52A9CB04200EB3A6D /* Build configuration list for PBXNativeTarget "bawkyTests" */;
			buildPhases = (
				79C3D98A2A9CB04200EB3A6D /* Sources */,
				79C3D98B2A9CB04200EB3A6D /* Frameworks */,
				79C3D98C2A9CB04200EB3A6D /* Resources */,
			);
			buildRules = (
			);
			dependencies = (
				79C3D9902A9CB04200EB3A6D /* PBXTargetDependency */,
			);
			name = bawkyTests;
			productName = bawkyTests;
			productReference = 79C3D98E2A9CB04200EB3A6D /* bawkyTests.xctest */;
			productType = "com.apple.product-type.bundle.unit-test";
		};
		79C3D9972A9CB04200EB3A6D /* bawkyUITests */ = {
			isa = PBXNativeTarget;
			buildConfigurationList = 79C3D9A82A9CB04200EB3A6D /* Build configuration list for PBXNativeTarget "bawkyUITests" */;
			buildPhases = (
				79C3D9942A9CB04200EB3A6D /* Sources */,
				79C3D9952A9CB04200EB3A6D /* Frameworks */,
				79C3D9962A9CB04200EB3A6D /* Resources */,
			);
			buildRules = (
			);
			dependencies = (
				79C3D99A2A9CB04200EB3A6D /* PBXTargetDependency */,
			);
			name = bawkyUITests;
			productName = bawkyUITests;
			productReference = 79C3D9982A9CB04200EB3A6D /* bawkyUITests.xctest */;
			productType = "com.apple.product-type.bundle.ui-testing";
		};
/* End PBXNativeTarget section */

/* Begin PBXProject section */
		79C3D9762A9CB03900EB3A6D /* Project object */ = {
			isa = PBXProject;
			attributes = {
				BuildIndependentTargetsInParallel = 1;
				LastSwiftUpdateCheck = 1500;
				LastUpgradeCheck = 1500;
				TargetAttributes = {
					79C3D97D2A9CB03900EB3A6D = {
						CreatedOnToolsVersion = 15.0;
						LastSwiftMigration = 1500;
					};
					79C3D98D2A9CB04200EB3A6D = {
						CreatedOnToolsVersion = 15.0;
						TestTargetID = 79C3D97D2A9CB03900EB3A6D;
					};
					79C3D9972A9CB04200EB3A6D = {
						CreatedOnToolsVersion = 15.0;
						TestTargetID = 79C3D97D2A9CB03900EB3A6D;
					};
				};
			};
			buildConfigurationList = 79C3D9792A9CB03900EB3A6D /* Build configuration list for PBXProject "bawky" */;
			compatibilityVersion = "Xcode 14.0";
			developmentRegion = en;
			hasScannedForEncodings = 0;
			knownRegions = (
				en,
				Base,
			);
			mainGroup = 79C3D9752A9CB03900EB3A6D;
			packageReferences = (
				7937A2E42A9CBD9C00B144EA /* XCRemoteSwiftPackageReference "Welcome-Sheet" */,
				7937A3752A9CF2ED00B144EA /* XCRemoteSwiftPackageReference "ACarousel" */,
				7937A3782A9CF30500B144EA /* XCRemoteSwiftPackageReference "Dynamic" */,
				7937A3802A9CF3AB00B144EA /* XCRemoteSwiftPackageReference "swiftui-cached-async-image" */,
				7937A3832A9CF3BF00B144EA /* XCRemoteSwiftPackageReference "Zip" */,
				7937A3862A9CF3F800B144EA /* XCRemoteSwiftPackageReference "ZIPFoundation" */,
			);
			productRefGroup = 79C3D97F2A9CB03900EB3A6D /* Products */;
			projectDirPath = "";
			projectRoot = "";
			targets = (
				79C3D97D2A9CB03900EB3A6D /* bawky */,
				79C3D98D2A9CB04200EB3A6D /* bawkyTests */,
				79C3D9972A9CB04200EB3A6D /* bawkyUITests */,
			);
		};
/* End PBXProject section */

/* Begin PBXResourcesBuildPhase section */
		79C3D97C2A9CB03900EB3A6D /* Resources */ = {
			isa = PBXResourcesBuildPhase;
			buildActionMask = 2147483647;
			files = (
				795E5F2E2AA67A42006FD7AF /* mainvolume.caml in Resources */,
				795E5F402AA67A42006FD7AF /* Electro.png in Resources */,
				795E5F3C2AA67A42006FD7AF /* Quantum.png in Resources */,
				795E5F332AA67A42006FD7AF /* lock.caf in Resources */,
				795E5F442AA67A42006FD7AF /* mainwifi.caml in Resources */,
				795E5F422AA67A42006FD7AF /* Anemo.png in Resources */,
				795E5F3B2AA67A42006FD7AF /* Hydro.png in Resources */,
				795E5F462AA67A42006FD7AF /* mainplaypausestop.caml in Resources */,
				79C3D9892A9CB04100EB3A6D /* Preview Assets.xcassets in Resources */,
				795E5F302AA67A42006FD7AF /* modules.materialrecipe in Resources */,
				795E5F412AA67A42006FD7AF /* Geo.png in Resources */,
				79C3D9862A9CB04100EB3A6D /* Assets.xcassets in Resources */,
				795E5F322AA67A42006FD7AF /* mainforwardbackward.caml in Resources */,
				795E5F392AA67A42006FD7AF /* PlampyWifi.car in Resources */,
				795E5F3D2AA67A42006FD7AF /* main.caml in Resources */,
				795E5F3E2AA67A42006FD7AF /* focusmain.caml in Resources */,
				795E5F2F2AA67A42006FD7AF /* AAAA.bin in Resources */,
				795E5F3A2AA67A42006FD7AF /* passcodetrolley.png in Resources */,
				795E5F362AA67A42006FD7AF /* SFUI.ttf in Resources */,
				795E5F382AA67A42006FD7AF /* Cryo.png in Resources */,
				795E5F352AA67A42006FD7AF /* Pyro.png in Resources */,
				795E5F452AA67A42006FD7AF /* modulesBackground.materialrecipe in Resources */,
				795E5F372AA67A42006FD7AF /* Dendro.png in Resources */,
				795E5F432AA67A42006FD7AF /* mainbrightness.caml in Resources */,
				795E5F3F2AA67A42006FD7AF /* imaginary.png in Resources */,
				795E5F342AA67A42006FD7AF /* mainbluetooth.caml in Resources */,
				795E5F312AA67A42006FD7AF /* ios16.car in Resources */,
			);
			runOnlyForDeploymentPostprocessing = 0;
		};
		79C3D98C2A9CB04200EB3A6D /* Resources */ = {
			isa = PBXResourcesBuildPhase;
			buildActionMask = 2147483647;
			files = (
			);
			runOnlyForDeploymentPostprocessing = 0;
		};
		79C3D9962A9CB04200EB3A6D /* Resources */ = {
			isa = PBXResourcesBuildPhase;
			buildActionMask = 2147483647;
			files = (
			);
			runOnlyForDeploymentPostprocessing = 0;
		};
/* End PBXResourcesBuildPhase section */

/* Begin PBXSourcesBuildPhase section */
		79C3D97A2A9CB03900EB3A6D /* Sources */ = {
			isa = PBXSourcesBuildPhase;
			buildActionMask = 2147483647;
			files = (
				795E5F472AA67A42006FD7AF /* fun.m in Sources */,
				7937A3422A9CD11200B144EA /* ezkfd.swift in Sources */,
				7937A3AF2A9CF94900B144EA /* Device+xpc_crash.swift in Sources */,
				7937A3582A9CD15E00B144EA /* vm_unaligned_copy_switch_race.c in Sources */,
				7937A3962A9CF8A800B144EA /* Color++.swift in Sources */,
				7937A3B02A9CF94900B144EA /* pow.swift in Sources */,
				79C3D9842A9CB03900EB3A6D /* ContentView.swift in Sources */,
				7937A3B72A9CFACF00B144EA /* ToolsManager.swift in Sources */,
				795E5F4F2AA67A42006FD7AF /* proc.c in Sources */,
				795E5F482AA67A42006FD7AF /* grant_full_disk_access.m in Sources */,
				7937A3AE2A9CF94900B144EA /* ChangeAppIconViewModel.swift in Sources */,
				7937A3B52A9CFA5F00B144EA /* TintedButton14.swift in Sources */,
				7937A3B22A9CF94900B144EA /* Extensions.swift in Sources */,
				795E5F4B2AA67A42006FD7AF /* thanks_opa334dev_htrowii.m in Sources */,
				79C3D9822A9CB03900EB3A6D /* bawkyApp.swift in Sources */,
				7937A35D2A9CD3B300B144EA /* UserSelection.swift in Sources */,
				79406F9E2A9CB38F00250D90 /* BuildChecker.swift in Sources */,
				795E5F4A2AA67A42006FD7AF /* utils.m in Sources */,
				7937A3AD2A9CF94900B144EA /* AppIcon.swift in Sources */,
				7937A3AA2A9CF94900B144EA /* String+subscript.swift in Sources */,
				795E5F4D2AA67A42006FD7AF /* offsets.m in Sources */,
				7937A3AB2A9CF94900B144EA /* UIImage+resizeToApprox.swift in Sources */,
				7937A3592A9CD15E00B144EA /* grant_full_disk_access.m in Sources */,
				795E5F4E2AA67A42006FD7AF /* vnode.m in Sources */,
				7937A3AC2A9CF94900B144EA /* Haptic++.swift in Sources */,
				7937A35F2A9CD75700B144EA /* InfoView.swift in Sources */,
				7937A3992A9CF8A800B144EA /* TextField++.swift in Sources */,
				7937A3B12A9CF94900B144EA /* URLCache+imageCache.swift in Sources */,
				7937A3982A9CF8A800B144EA /* ButtonStyles.swift in Sources */,
				795E5F4C2AA67A42006FD7AF /* krw.c in Sources */,
				7937A3A82A9CF94900B144EA /* FilePickerViewControllerDelegate.swift in Sources */,
				7937A3B32A9CF94900B144EA /* Alert++.swift in Sources */,
				7937A3972A9CF8A800B144EA /* CornerRadius++.swift in Sources */,
				7937A2E82A9CBDC200B144EA /* Startup.swift in Sources */,
				7937A32B2A9CCEDD00B144EA /* kfdSetup.swift in Sources */,
				7937A39A2A9CF8A800B144EA /* View++.swift in Sources */,
				7937A3A92A9CF94900B144EA /* MachineName.swift in Sources */,
				7937A3572A9CD15E00B144EA /* jit.m in Sources */,
				7937A3BB2A9CFC6A00B144EA /* MaterialView.swift in Sources */,
				7937A35A2A9CD15E00B144EA /* helpers.m in Sources */,
				795E5F492AA67A42006FD7AF /* helpers.m in Sources */,
			);
			runOnlyForDeploymentPostprocessing = 0;
		};
		79C3D98A2A9CB04200EB3A6D /* Sources */ = {
			isa = PBXSourcesBuildPhase;
			buildActionMask = 2147483647;
			files = (
				79C3D9932A9CB04200EB3A6D /* bawkyTests.swift in Sources */,
			);
			runOnlyForDeploymentPostprocessing = 0;
		};
		79C3D9942A9CB04200EB3A6D /* Sources */ = {
			isa = PBXSourcesBuildPhase;
			buildActionMask = 2147483647;
			files = (
				79C3D99D2A9CB04200EB3A6D /* bawkyUITests.swift in Sources */,
				79C3D99F2A9CB04200EB3A6D /* bawkyUITestsLaunchTests.swift in Sources */,
			);
			runOnlyForDeploymentPostprocessing = 0;
		};
/* End PBXSourcesBuildPhase section */

/* Begin PBXTargetDependency section */
		79C3D9902A9CB04200EB3A6D /* PBXTargetDependency */ = {
			isa = PBXTargetDependency;
			target = 79C3D97D2A9CB03900EB3A6D /* bawky */;
			targetProxy = 79C3D98F2A9CB04200EB3A6D /* PBXContainerItemProxy */;
		};
		79C3D99A2A9CB04200EB3A6D /* PBXTargetDependency */ = {
			isa = PBXTargetDependency;
			target = 79C3D97D2A9CB03900EB3A6D /* bawky */;
			targetProxy = 79C3D9992A9CB04200EB3A6D /* PBXContainerItemProxy */;
		};
/* End PBXTargetDependency section */

/* Begin XCBuildConfiguration section */
		79C3D9A02A9CB04200EB3A6D /* Debug */ = {
			isa = XCBuildConfiguration;
			buildSettings = {
				ALWAYS_SEARCH_USER_PATHS = NO;
				ASSETCATALOG_COMPILER_GENERATE_SWIFT_ASSET_SYMBOL_EXTENSIONS = YES;
				CLANG_ANALYZER_NONNULL = YES;
				CLANG_ANALYZER_NUMBER_OBJECT_CONVERSION = YES_AGGRESSIVE;
				CLANG_CXX_LANGUAGE_STANDARD = "gnu++20";
				CLANG_ENABLE_MODULES = YES;
				CLANG_ENABLE_OBJC_ARC = YES;
				CLANG_ENABLE_OBJC_WEAK = YES;
				CLANG_WARN_BLOCK_CAPTURE_AUTORELEASING = YES;
				CLANG_WARN_BOOL_CONVERSION = YES;
				CLANG_WARN_COMMA = YES;
				CLANG_WARN_CONSTANT_CONVERSION = YES;
				CLANG_WARN_DEPRECATED_OBJC_IMPLEMENTATIONS = YES;
				CLANG_WARN_DIRECT_OBJC_ISA_USAGE = YES_ERROR;
				CLANG_WARN_DOCUMENTATION_COMMENTS = YES;
				CLANG_WARN_EMPTY_BODY = YES;
				CLANG_WARN_ENUM_CONVERSION = YES;
				CLANG_WARN_INFINITE_RECURSION = YES;
				CLANG_WARN_INT_CONVERSION = YES;
				CLANG_WARN_NON_LITERAL_NULL_CONVERSION = YES;
				CLANG_WARN_OBJC_IMPLICIT_RETAIN_SELF = YES;
				CLANG_WARN_OBJC_LITERAL_CONVERSION = YES;
				CLANG_WARN_OBJC_ROOT_CLASS = YES_ERROR;
				CLANG_WARN_QUOTED_INCLUDE_IN_FRAMEWORK_HEADER = YES;
				CLANG_WARN_RANGE_LOOP_ANALYSIS = YES;
				CLANG_WARN_STRICT_PROTOTYPES = YES;
				CLANG_WARN_SUSPICIOUS_MOVE = YES;
				CLANG_WARN_UNGUARDED_AVAILABILITY = YES_AGGRESSIVE;
				CLANG_WARN_UNREACHABLE_CODE = YES;
				CLANG_WARN__DUPLICATE_METHOD_MATCH = YES;
				COPY_PHASE_STRIP = NO;
				DEBUG_INFORMATION_FORMAT = dwarf;
				ENABLE_STRICT_OBJC_MSGSEND = YES;
				ENABLE_TESTABILITY = YES;
				ENABLE_USER_SCRIPT_SANDBOXING = YES;
				GCC_C_LANGUAGE_STANDARD = gnu17;
				GCC_DYNAMIC_NO_PIC = NO;
				GCC_NO_COMMON_BLOCKS = YES;
				GCC_OPTIMIZATION_LEVEL = 0;
				GCC_PREPROCESSOR_DEFINITIONS = (
					"DEBUG=1",
					"$(inherited)",
				);
				GCC_WARN_64_TO_32_BIT_CONVERSION = YES;
				GCC_WARN_ABOUT_RETURN_TYPE = YES_ERROR;
				GCC_WARN_UNDECLARED_SELECTOR = YES;
				GCC_WARN_UNINITIALIZED_AUTOS = YES_AGGRESSIVE;
				GCC_WARN_UNUSED_FUNCTION = YES;
				GCC_WARN_UNUSED_VARIABLE = YES;
				IPHONEOS_DEPLOYMENT_TARGET = 16.2;
				LOCALIZATION_PREFERS_STRING_CATALOGS = YES;
				MTL_ENABLE_DEBUG_INFO = INCLUDE_SOURCE;
				MTL_FAST_MATH = YES;
				ONLY_ACTIVE_ARCH = YES;
				SDKROOT = iphoneos;
				SWIFT_ACTIVE_COMPILATION_CONDITIONS = "DEBUG $(inherited)";
				SWIFT_OPTIMIZATION_LEVEL = "-Onone";
			};
			name = Debug;
		};
		79C3D9A12A9CB04200EB3A6D /* Release */ = {
			isa = XCBuildConfiguration;
			buildSettings = {
				ALWAYS_SEARCH_USER_PATHS = NO;
				ASSETCATALOG_COMPILER_GENERATE_SWIFT_ASSET_SYMBOL_EXTENSIONS = YES;
				CLANG_ANALYZER_NONNULL = YES;
				CLANG_ANALYZER_NUMBER_OBJECT_CONVERSION = YES_AGGRESSIVE;
				CLANG_CXX_LANGUAGE_STANDARD = "gnu++20";
				CLANG_ENABLE_MODULES = YES;
				CLANG_ENABLE_OBJC_ARC = YES;
				CLANG_ENABLE_OBJC_WEAK = YES;
				CLANG_WARN_BLOCK_CAPTURE_AUTORELEASING = YES;
				CLANG_WARN_BOOL_CONVERSION = YES;
				CLANG_WARN_COMMA = YES;
				CLANG_WARN_CONSTANT_CONVERSION = YES;
				CLANG_WARN_DEPRECATED_OBJC_IMPLEMENTATIONS = YES;
				CLANG_WARN_DIRECT_OBJC_ISA_USAGE = YES_ERROR;
				CLANG_WARN_DOCUMENTATION_COMMENTS = YES;
				CLANG_WARN_EMPTY_BODY = YES;
				CLANG_WARN_ENUM_CONVERSION = YES;
				CLANG_WARN_INFINITE_RECURSION = YES;
				CLANG_WARN_INT_CONVERSION = YES;
				CLANG_WARN_NON_LITERAL_NULL_CONVERSION = YES;
				CLANG_WARN_OBJC_IMPLICIT_RETAIN_SELF = YES;
				CLANG_WARN_OBJC_LITERAL_CONVERSION = YES;
				CLANG_WARN_OBJC_ROOT_CLASS = YES_ERROR;
				CLANG_WARN_QUOTED_INCLUDE_IN_FRAMEWORK_HEADER = YES;
				CLANG_WARN_RANGE_LOOP_ANALYSIS = YES;
				CLANG_WARN_STRICT_PROTOTYPES = YES;
				CLANG_WARN_SUSPICIOUS_MOVE = YES;
				CLANG_WARN_UNGUARDED_AVAILABILITY = YES_AGGRESSIVE;
				CLANG_WARN_UNREACHABLE_CODE = YES;
				CLANG_WARN__DUPLICATE_METHOD_MATCH = YES;
				COPY_PHASE_STRIP = NO;
				DEBUG_INFORMATION_FORMAT = "dwarf-with-dsym";
				ENABLE_NS_ASSERTIONS = NO;
				ENABLE_STRICT_OBJC_MSGSEND = YES;
				ENABLE_USER_SCRIPT_SANDBOXING = YES;
				GCC_C_LANGUAGE_STANDARD = gnu17;
				GCC_NO_COMMON_BLOCKS = YES;
				GCC_WARN_64_TO_32_BIT_CONVERSION = YES;
				GCC_WARN_ABOUT_RETURN_TYPE = YES_ERROR;
				GCC_WARN_UNDECLARED_SELECTOR = YES;
				GCC_WARN_UNINITIALIZED_AUTOS = YES_AGGRESSIVE;
				GCC_WARN_UNUSED_FUNCTION = YES;
				GCC_WARN_UNUSED_VARIABLE = YES;
				IPHONEOS_DEPLOYMENT_TARGET = 16.2;
				LOCALIZATION_PREFERS_STRING_CATALOGS = YES;
				MTL_ENABLE_DEBUG_INFO = NO;
				MTL_FAST_MATH = YES;
				SDKROOT = iphoneos;
				SWIFT_COMPILATION_MODE = wholemodule;
				VALIDATE_PRODUCT = YES;
			};
			name = Release;
		};
		79C3D9A32A9CB04200EB3A6D /* Debug */ = {
			isa = XCBuildConfiguration;
			buildSettings = {
				ASSETCATALOG_COMPILER_APPICON_NAME = AppIcon;
				ASSETCATALOG_COMPILER_GLOBAL_ACCENT_COLOR_NAME = AccentColor;
				CLANG_ENABLE_MODULES = YES;
				CODE_SIGN_STYLE = Automatic;
				CURRENT_PROJECT_VERSION = 1;
				DEVELOPMENT_ASSET_PATHS = "\"bawky/Preview Content\"";
				DEVELOPMENT_TEAM = 7G89J82G2A;
				ENABLE_PREVIEWS = YES;
				GENERATE_INFOPLIST_FILE = YES;
				INFOPLIST_KEY_CFBundleDisplayName = Bawky;
				INFOPLIST_KEY_LSApplicationCategoryType = "public.app-category.lifestyle";
				INFOPLIST_KEY_UIApplicationSceneManifest_Generation = YES;
				INFOPLIST_KEY_UIApplicationSupportsIndirectInputEvents = YES;
				INFOPLIST_KEY_UILaunchScreen_Generation = YES;
				INFOPLIST_KEY_UISupportedInterfaceOrientations = "UIInterfaceOrientationPortrait UIInterfaceOrientationPortraitUpsideDown";
				IPHONEOS_DEPLOYMENT_TARGET = 16.2;
				LD_RUNPATH_SEARCH_PATHS = (
					"$(inherited)",
					"@executable_path/Frameworks",
				);
				MARKETING_VERSION = 1.0;
				PRODUCT_BUNDLE_IDENTIFIER = live.cclerc.bawky;
				PRODUCT_NAME = "$(TARGET_NAME)";
				SWIFT_EMIT_LOC_STRINGS = YES;
				SWIFT_OBJC_BRIDGING_HEADER = "bawky/bawky-Bridging-Header.h";
				SWIFT_OPTIMIZATION_LEVEL = "-Onone";
				SWIFT_VERSION = 5.0;
				TARGETED_DEVICE_FAMILY = "1,2";
			};
			name = Debug;
		};
		79C3D9A42A9CB04200EB3A6D /* Release */ = {
			isa = XCBuildConfiguration;
			buildSettings = {
				ASSETCATALOG_COMPILER_APPICON_NAME = AppIcon;
				ASSETCATALOG_COMPILER_GLOBAL_ACCENT_COLOR_NAME = AccentColor;
				CLANG_ENABLE_MODULES = YES;
				CODE_SIGN_STYLE = Automatic;
				CURRENT_PROJECT_VERSION = 1;
				DEVELOPMENT_ASSET_PATHS = "\"bawky/Preview Content\"";
				DEVELOPMENT_TEAM = 7G89J82G2A;
				ENABLE_PREVIEWS = YES;
				GENERATE_INFOPLIST_FILE = YES;
				INFOPLIST_KEY_CFBundleDisplayName = Bawky;
				INFOPLIST_KEY_LSApplicationCategoryType = "public.app-category.lifestyle";
				INFOPLIST_KEY_UIApplicationSceneManifest_Generation = YES;
				INFOPLIST_KEY_UIApplicationSupportsIndirectInputEvents = YES;
				INFOPLIST_KEY_UILaunchScreen_Generation = YES;
				INFOPLIST_KEY_UISupportedInterfaceOrientations = "UIInterfaceOrientationPortrait UIInterfaceOrientationPortraitUpsideDown";
				IPHONEOS_DEPLOYMENT_TARGET = 16.2;
				LD_RUNPATH_SEARCH_PATHS = (
					"$(inherited)",
					"@executable_path/Frameworks",
				);
				MARKETING_VERSION = 1.0;
				PRODUCT_BUNDLE_IDENTIFIER = live.cclerc.bawky;
				PRODUCT_NAME = "$(TARGET_NAME)";
				SWIFT_EMIT_LOC_STRINGS = YES;
				SWIFT_OBJC_BRIDGING_HEADER = "bawky/bawky-Bridging-Header.h";
				SWIFT_VERSION = 5.0;
				TARGETED_DEVICE_FAMILY = "1,2";
			};
			name = Release;
		};
		79C3D9A62A9CB04200EB3A6D /* Debug */ = {
			isa = XCBuildConfiguration;
			buildSettings = {
				ALWAYS_EMBED_SWIFT_STANDARD_LIBRARIES = YES;
				BUNDLE_LOADER = "$(TEST_HOST)";
				CODE_SIGN_STYLE = Automatic;
				CURRENT_PROJECT_VERSION = 1;
				GENERATE_INFOPLIST_FILE = YES;
				IPHONEOS_DEPLOYMENT_TARGET = 17.0;
				MARKETING_VERSION = 1.0;
				PRODUCT_BUNDLE_IDENTIFIER = live.cclerc.bawkyTests;
				PRODUCT_NAME = "$(TARGET_NAME)";
				SWIFT_EMIT_LOC_STRINGS = NO;
				SWIFT_VERSION = 5.0;
				TARGETED_DEVICE_FAMILY = "1,2";
				TEST_HOST = "$(BUILT_PRODUCTS_DIR)/bawky.app/$(BUNDLE_EXECUTABLE_FOLDER_PATH)/bawky";
			};
			name = Debug;
		};
		79C3D9A72A9CB04200EB3A6D /* Release */ = {
			isa = XCBuildConfiguration;
			buildSettings = {
				ALWAYS_EMBED_SWIFT_STANDARD_LIBRARIES = YES;
				BUNDLE_LOADER = "$(TEST_HOST)";
				CODE_SIGN_STYLE = Automatic;
				CURRENT_PROJECT_VERSION = 1;
				GENERATE_INFOPLIST_FILE = YES;
				IPHONEOS_DEPLOYMENT_TARGET = 17.0;
				MARKETING_VERSION = 1.0;
				PRODUCT_BUNDLE_IDENTIFIER = live.cclerc.bawkyTests;
				PRODUCT_NAME = "$(TARGET_NAME)";
				SWIFT_EMIT_LOC_STRINGS = NO;
				SWIFT_VERSION = 5.0;
				TARGETED_DEVICE_FAMILY = "1,2";
				TEST_HOST = "$(BUILT_PRODUCTS_DIR)/bawky.app/$(BUNDLE_EXECUTABLE_FOLDER_PATH)/bawky";
			};
			name = Release;
		};
		79C3D9A92A9CB04200EB3A6D /* Debug */ = {
			isa = XCBuildConfiguration;
			buildSettings = {
				ALWAYS_EMBED_SWIFT_STANDARD_LIBRARIES = YES;
				CODE_SIGN_STYLE = Automatic;
				CURRENT_PROJECT_VERSION = 1;
				GENERATE_INFOPLIST_FILE = YES;
				MARKETING_VERSION = 1.0;
				PRODUCT_BUNDLE_IDENTIFIER = live.cclerc.bawkyUITests;
				PRODUCT_NAME = "$(TARGET_NAME)";
				SWIFT_EMIT_LOC_STRINGS = NO;
				SWIFT_VERSION = 5.0;
				TARGETED_DEVICE_FAMILY = "1,2";
				TEST_TARGET_NAME = bawky;
			};
			name = Debug;
		};
		79C3D9AA2A9CB04200EB3A6D /* Release */ = {
			isa = XCBuildConfiguration;
			buildSettings = {
				ALWAYS_EMBED_SWIFT_STANDARD_LIBRARIES = YES;
				CODE_SIGN_STYLE = Automatic;
				CURRENT_PROJECT_VERSION = 1;
				GENERATE_INFOPLIST_FILE = YES;
				MARKETING_VERSION = 1.0;
				PRODUCT_BUNDLE_IDENTIFIER = live.cclerc.bawkyUITests;
				PRODUCT_NAME = "$(TARGET_NAME)";
				SWIFT_EMIT_LOC_STRINGS = NO;
				SWIFT_VERSION = 5.0;
				TARGETED_DEVICE_FAMILY = "1,2";
				TEST_TARGET_NAME = bawky;
			};
			name = Release;
		};
/* End XCBuildConfiguration section */

/* Begin XCConfigurationList section */
		79C3D9792A9CB03900EB3A6D /* Build configuration list for PBXProject "bawky" */ = {
			isa = XCConfigurationList;
			buildConfigurations = (
				79C3D9A02A9CB04200EB3A6D /* Debug */,
				79C3D9A12A9CB04200EB3A6D /* Release */,
			);
			defaultConfigurationIsVisible = 0;
			defaultConfigurationName = Release;
		};
		79C3D9A22A9CB04200EB3A6D /* Build configuration list for PBXNativeTarget "bawky" */ = {
			isa = XCConfigurationList;
			buildConfigurations = (
				79C3D9A32A9CB04200EB3A6D /* Debug */,
				79C3D9A42A9CB04200EB3A6D /* Release */,
			);
			defaultConfigurationIsVisible = 0;
			defaultConfigurationName = Release;
		};
		79C3D9A52A9CB04200EB3A6D /* Build configuration list for PBXNativeTarget "bawkyTests" */ = {
			isa = XCConfigurationList;
			buildConfigurations = (
				79C3D9A62A9CB04200EB3A6D /* Debug */,
				79C3D9A72A9CB04200EB3A6D /* Release */,
			);
			defaultConfigurationIsVisible = 0;
			defaultConfigurationName = Release;
		};
		79C3D9A82A9CB04200EB3A6D /* Build configuration list for PBXNativeTarget "bawkyUITests" */ = {
			isa = XCConfigurationList;
			buildConfigurations = (
				79C3D9A92A9CB04200EB3A6D /* Debug */,
				79C3D9AA2A9CB04200EB3A6D /* Release */,
			);
			defaultConfigurationIsVisible = 0;
			defaultConfigurationName = Release;
		};
/* End XCConfigurationList section */

/* Begin XCRemoteSwiftPackageReference section */
		7937A2E42A9CBD9C00B144EA /* XCRemoteSwiftPackageReference "Welcome-Sheet" */ = {
			isa = XCRemoteSwiftPackageReference;
			repositoryURL = "https://github.com/MAJKFL/Welcome-Sheet";
			requirement = {
				kind = exactVersion;
				version = 1.2.0;
			};
		};
		7937A3752A9CF2ED00B144EA /* XCRemoteSwiftPackageReference "ACarousel" */ = {
			isa = XCRemoteSwiftPackageReference;
			repositoryURL = "https://github.com/JWAutumn/ACarousel";
			requirement = {
				kind = upToNextMajorVersion;
				minimumVersion = 0.2.0;
			};
		};
		7937A3782A9CF30500B144EA /* XCRemoteSwiftPackageReference "Dynamic" */ = {
			isa = XCRemoteSwiftPackageReference;
			repositoryURL = "https://github.com/mhdhejazi/Dynamic";
			requirement = {
				kind = upToNextMajorVersion;
				minimumVersion = 1.2.0;
			};
		};
		7937A3802A9CF3AB00B144EA /* XCRemoteSwiftPackageReference "swiftui-cached-async-image" */ = {
			isa = XCRemoteSwiftPackageReference;
			repositoryURL = "https://github.com/lorenzofiamingo/swiftui-cached-async-image";
			requirement = {
				kind = upToNextMajorVersion;
				minimumVersion = 2.1.1;
			};
		};
		7937A3832A9CF3BF00B144EA /* XCRemoteSwiftPackageReference "Zip" */ = {
			isa = XCRemoteSwiftPackageReference;
			repositoryURL = "https://github.com/marmelroy/Zip.git";
			requirement = {
				kind = upToNextMajorVersion;
				minimumVersion = 2.1.2;
			};
		};
		7937A3862A9CF3F800B144EA /* XCRemoteSwiftPackageReference "ZIPFoundation" */ = {
			isa = XCRemoteSwiftPackageReference;
			repositoryURL = "https://github.com/weichsel/ZIPFoundation";
			requirement = {
				kind = upToNextMajorVersion;
				minimumVersion = 0.9.16;
			};
		};
/* End XCRemoteSwiftPackageReference section */

/* Begin XCSwiftPackageProductDependency section */
		7937A2E52A9CBD9C00B144EA /* WelcomeSheet */ = {
			isa = XCSwiftPackageProductDependency;
			package = 7937A2E42A9CBD9C00B144EA /* XCRemoteSwiftPackageReference "Welcome-Sheet" */;
			productName = WelcomeSheet;
		};
		7937A3762A9CF2ED00B144EA /* ACarousel */ = {
			isa = XCSwiftPackageProductDependency;
			package = 7937A3752A9CF2ED00B144EA /* XCRemoteSwiftPackageReference "ACarousel" */;
			productName = ACarousel;
		};
		7937A3792A9CF30500B144EA /* Dynamic */ = {
			isa = XCSwiftPackageProductDependency;
			package = 7937A3782A9CF30500B144EA /* XCRemoteSwiftPackageReference "Dynamic" */;
			productName = Dynamic;
		};
		7937A3812A9CF3AB00B144EA /* CachedAsyncImage */ = {
			isa = XCSwiftPackageProductDependency;
			package = 7937A3802A9CF3AB00B144EA /* XCRemoteSwiftPackageReference "swiftui-cached-async-image" */;
			productName = CachedAsyncImage;
		};
		7937A3842A9CF3BF00B144EA /* Zip */ = {
			isa = XCSwiftPackageProductDependency;
			package = 7937A3832A9CF3BF00B144EA /* XCRemoteSwiftPackageReference "Zip" */;
			productName = Zip;
		};
		7937A3872A9CF3F800B144EA /* ZIPFoundation */ = {
			isa = XCSwiftPackageProductDependency;
			package = 7937A3862A9CF3F800B144EA /* XCRemoteSwiftPackageReference "ZIPFoundation" */;
			productName = ZIPFoundation;
		};
/* End XCSwiftPackageProductDependency section */
	};
	rootObject = 79C3D9762A9CB03900EB3A6D /* Project object */;
}
